// !$*UTF8*$!
{
	archiveVersion = 1;
	classes = {
	};
	objectVersion = 46;
	objects = {

/* Begin PBXBuildFile section */
		6451328E1945A2B3002A0B1B /* Foundation.framework in Frameworks */ = {isa = PBXBuildFile; fileRef = 6451328D1945A2B3002A0B1B /* Foundation.framework */; };
		645132901945A2B3002A0B1B /* CoreGraphics.framework in Frameworks */ = {isa = PBXBuildFile; fileRef = 6451328F1945A2B3002A0B1B /* CoreGraphics.framework */; };
		645132921945A2B3002A0B1B /* UIKit.framework in Frameworks */ = {isa = PBXBuildFile; fileRef = 645132911945A2B3002A0B1B /* UIKit.framework */; };
		645132981945A2B3002A0B1B /* InfoPlist.strings in Resources */ = {isa = PBXBuildFile; fileRef = 645132961945A2B3002A0B1B /* InfoPlist.strings */; };
		6451329A1945A2B3002A0B1B /* main.m in Sources */ = {isa = PBXBuildFile; fileRef = 645132991945A2B3002A0B1B /* main.m */; };
		6451329E1945A2B3002A0B1B /* AppDelegate.m in Sources */ = {isa = PBXBuildFile; fileRef = 6451329D1945A2B3002A0B1B /* AppDelegate.m */; };
		645132A11945A2B3002A0B1B /* Main.storyboard in Resources */ = {isa = PBXBuildFile; fileRef = 6451329F1945A2B3002A0B1B /* Main.storyboard */; };
		645132A41945A2B3002A0B1B /* ViewController.m in Sources */ = {isa = PBXBuildFile; fileRef = 645132A31945A2B3002A0B1B /* ViewController.m */; };
		645132A61945A2B3002A0B1B /* Images.xcassets in Resources */ = {isa = PBXBuildFile; fileRef = 645132A51945A2B3002A0B1B /* Images.xcassets */; };
		645132AD1945A2B4002A0B1B /* XCTest.framework in Frameworks */ = {isa = PBXBuildFile; fileRef = 645132AC1945A2B4002A0B1B /* XCTest.framework */; };
		645132AE1945A2B4002A0B1B /* Foundation.framework in Frameworks */ = {isa = PBXBuildFile; fileRef = 6451328D1945A2B3002A0B1B /* Foundation.framework */; };
		645132AF1945A2B4002A0B1B /* UIKit.framework in Frameworks */ = {isa = PBXBuildFile; fileRef = 645132911945A2B3002A0B1B /* UIKit.framework */; };
		645132B71945A2B4002A0B1B /* InfoPlist.strings in Resources */ = {isa = PBXBuildFile; fileRef = 645132B51945A2B4002A0B1B /* InfoPlist.strings */; };
		645132B91945A2B4002A0B1B /* MarketTests.m in Sources */ = {isa = PBXBuildFile; fileRef = 645132B81945A2B4002A0B1B /* MarketTests.m */; };
/* End PBXBuildFile section */

/* Begin PBXContainerItemProxy section */
		645132B01945A2B4002A0B1B /* PBXContainerItemProxy */ = {
			isa = PBXContainerItemProxy;
			containerPortal = 645132821945A2B3002A0B1B /* Project object */;
			proxyType = 1;
			remoteGlobalIDString = 645132891945A2B3002A0B1B;
			remoteInfo = Market;
		};
/* End PBXContainerItemProxy section */

/* Begin PBXFileReference section */
		6451328A1945A2B3002A0B1B /* Market.app */ = {isa = PBXFileReference; explicitFileType = wrapper.application; includeInIndex = 0; path = Market.app; sourceTree = BUILT_PRODUCTS_DIR; };
		6451328D1945A2B3002A0B1B /* Foundation.framework */ = {isa = PBXFileReference; lastKnownFileType = wrapper.framework; name = Foundation.framework; path = System/Library/Frameworks/Foundation.framework; sourceTree = SDKROOT; };
		6451328F1945A2B3002A0B1B /* CoreGraphics.framework */ = {isa = PBXFileReference; lastKnownFileType = wrapper.framework; name = CoreGraphics.framework; path = System/Library/Frameworks/CoreGraphics.framework; sourceTree = SDKROOT; };
		645132911945A2B3002A0B1B /* UIKit.framework */ = {isa = PBXFileReference; lastKnownFileType = wrapper.framework; name = UIKit.framework; path = System/Library/Frameworks/UIKit.framework; sourceTree = SDKROOT; };
		645132951945A2B3002A0B1B /* Market-Info.plist */ = {isa = PBXFileReference; lastKnownFileType = text.plist.xml; path = "Market-Info.plist"; sourceTree = "<group>"; };
		645132971945A2B3002A0B1B /* en */ = {isa = PBXFileReference; lastKnownFileType = text.plist.strings; name = en; path = en.lproj/InfoPlist.strings; sourceTree = "<group>"; };
		645132991945A2B3002A0B1B /* main.m */ = {isa = PBXFileReference; lastKnownFileType = sourcecode.c.objc; path = main.m; sourceTree = "<group>"; };
		6451329B1945A2B3002A0B1B /* Market-Prefix.pch */ = {isa = PBXFileReference; lastKnownFileType = sourcecode.c.h; path = "Market-Prefix.pch"; sourceTree = "<group>"; };
		6451329C1945A2B3002A0B1B /* AppDelegate.h */ = {isa = PBXFileReference; lastKnownFileType = sourcecode.c.h; path = AppDelegate.h; sourceTree = "<group>"; };
		6451329D1945A2B3002A0B1B /* AppDelegate.m */ = {isa = PBXFileReference; lastKnownFileType = sourcecode.c.objc; path = AppDelegate.m; sourceTree = "<group>"; };
		645132A01945A2B3002A0B1B /* Base */ = {isa = PBXFileReference; lastKnownFileType = file.storyboard; name = Base; path = Base.lproj/Main.storyboard; sourceTree = "<group>"; };
		645132A21945A2B3002A0B1B /* ViewController.h */ = {isa = PBXFileReference; lastKnownFileType = sourcecode.c.h; path = ViewController.h; sourceTree = "<group>"; };
		645132A31945A2B3002A0B1B /* ViewController.m */ = {isa = PBXFileReference; lastKnownFileType = sourcecode.c.objc; path = ViewController.m; sourceTree = "<group>"; };
		645132A51945A2B3002A0B1B /* Images.xcassets */ = {isa = PBXFileReference; lastKnownFileType = folder.assetcatalog; path = Images.xcassets; sourceTree = "<group>"; };
		645132AB1945A2B4002A0B1B /* MarketTests.xctest */ = {isa = PBXFileReference; explicitFileType = wrapper.cfbundle; includeInIndex = 0; path = MarketTests.xctest; sourceTree = BUILT_PRODUCTS_DIR; };
		645132AC1945A2B4002A0B1B /* XCTest.framework */ = {isa = PBXFileReference; lastKnownFileType = wrapper.framework; name = XCTest.framework; path = Library/Frameworks/XCTest.framework; sourceTree = DEVELOPER_DIR; };
		645132B41945A2B4002A0B1B /* MarketTests-Info.plist */ = {isa = PBXFileReference; lastKnownFileType = text.plist.xml; path = "MarketTests-Info.plist"; sourceTree = "<group>"; };
		645132B61945A2B4002A0B1B /* en */ = {isa = PBXFileReference; lastKnownFileType = text.plist.strings; name = en; path = en.lproj/InfoPlist.strings; sourceTree = "<group>"; };
		645132B81945A2B4002A0B1B /* MarketTests.m */ = {isa = PBXFileReference; lastKnownFileType = sourcecode.c.objc; path = MarketTests.m; sourceTree = "<group>"; };
/* End PBXFileReference section */

/* Begin PBXFrameworksBuildPhase section */
		645132871945A2B3002A0B1B /* Frameworks */ = {
			isa = PBXFrameworksBuildPhase;
			buildActionMask = 2147483647;
			files = (
				645132901945A2B3002A0B1B /* CoreGraphics.framework in Frameworks */,
				645132921945A2B3002A0B1B /* UIKit.framework in Frameworks */,
				6451328E1945A2B3002A0B1B /* Foundation.framework in Frameworks */,
			);
			runOnlyForDeploymentPostprocessing = 0;
		};
		645132A81945A2B4002A0B1B /* Frameworks */ = {
			isa = PBXFrameworksBuildPhase;
			buildActionMask = 2147483647;
			files = (
				645132AD1945A2B4002A0B1B /* XCTest.framework in Frameworks */,
				645132AF1945A2B4002A0B1B /* UIKit.framework in Frameworks */,
				645132AE1945A2B4002A0B1B /* Foundation.framework in Frameworks */,
			);
			runOnlyForDeploymentPostprocessing = 0;
		};
/* End PBXFrameworksBuildPhase section */

/* Begin PBXGroup section */
		645132811945A2B3002A0B1B = {
			isa = PBXGroup;
			children = (
				645132931945A2B3002A0B1B /* Market */,
				645132B21945A2B4002A0B1B /* MarketTests */,
				6451328C1945A2B3002A0B1B /* Frameworks */,
				6451328B1945A2B3002A0B1B /* Products */,
			);
			sourceTree = "<group>";
		};
		6451328B1945A2B3002A0B1B /* Products */ = {
			isa = PBXGroup;
			children = (
				6451328A1945A2B3002A0B1B /* Market.app */,
				645132AB1945A2B4002A0B1B /* MarketTests.xctest */,
			);
			name = Products;
			sourceTree = "<group>";
		};
		6451328C1945A2B3002A0B1B /* Frameworks */ = {
			isa = PBXGroup;
			children = (
				6451328D1945A2B3002A0B1B /* Foundation.framework */,
				6451328F1945A2B3002A0B1B /* CoreGraphics.framework */,
				645132911945A2B3002A0B1B /* UIKit.framework */,
				645132AC1945A2B4002A0B1B /* XCTest.framework */,
			);
			name = Frameworks;
			sourceTree = "<group>";
		};
		645132931945A2B3002A0B1B /* Market */ = {
			isa = PBXGroup;
			children = (
				6451329C1945A2B3002A0B1B /* AppDelegate.h */,
				6451329D1945A2B3002A0B1B /* AppDelegate.m */,
				6451329F1945A2B3002A0B1B /* Main.storyboard */,
				645132A21945A2B3002A0B1B /* ViewController.h */,
				645132A31945A2B3002A0B1B /* ViewController.m */,
				645132A51945A2B3002A0B1B /* Images.xcassets */,
				645132941945A2B3002A0B1B /* Supporting Files */,
			);
			path = Market;
			sourceTree = "<group>";
		};
		645132941945A2B3002A0B1B /* Supporting Files */ = {
			isa = PBXGroup;
			children = (
				645132951945A2B3002A0B1B /* Market-Info.plist */,
				645132961945A2B3002A0B1B /* InfoPlist.strings */,
				645132991945A2B3002A0B1B /* main.m */,
				6451329B1945A2B3002A0B1B /* Market-Prefix.pch */,
			);
			name = "Supporting Files";
			sourceTree = "<group>";
		};
		645132B21945A2B4002A0B1B /* MarketTests */ = {
			isa = PBXGroup;
			children = (
				645132B81945A2B4002A0B1B /* MarketTests.m */,
				645132B31945A2B4002A0B1B /* Supporting Files */,
			);
			path = MarketTests;
			sourceTree = "<group>";
		};
		645132B31945A2B4002A0B1B /* Supporting Files */ = {
			isa = PBXGroup;
			children = (
				645132B41945A2B4002A0B1B /* MarketTests-Info.plist */,
				645132B51945A2B4002A0B1B /* InfoPlist.strings */,
			);
			name = "Supporting Files";
			sourceTree = "<group>";
		};
/* End PBXGroup section */

/* Begin PBXNativeTarget section */
		645132891945A2B3002A0B1B /* Market */ = {
			isa = PBXNativeTarget;
			buildConfigurationList = 645132BC1945A2B4002A0B1B /* Build configuration list for PBXNativeTarget "Market" */;
			buildPhases = (
				645132861945A2B3002A0B1B /* Sources */,
				645132871945A2B3002A0B1B /* Frameworks */,
				645132881945A2B3002A0B1B /* Resources */,
			);
			buildRules = (
			);
			dependencies = (
			);
			name = Market;
			productName = Market;
			productReference = 6451328A1945A2B3002A0B1B /* Market.app */;
			productType = "com.apple.product-type.application";
		};
		645132AA1945A2B4002A0B1B /* MarketTests */ = {
			isa = PBXNativeTarget;
			buildConfigurationList = 645132BF1945A2B4002A0B1B /* Build configuration list for PBXNativeTarget "MarketTests" */;
			buildPhases = (
				645132A71945A2B4002A0B1B /* Sources */,
				645132A81945A2B4002A0B1B /* Frameworks */,
				645132A91945A2B4002A0B1B /* Resources */,
			);
			buildRules = (
			);
			dependencies = (
				645132B11945A2B4002A0B1B /* PBXTargetDependency */,
			);
			name = MarketTests;
			productName = MarketTests;
			productReference = 645132AB1945A2B4002A0B1B /* MarketTests.xctest */;
			productType = "com.apple.product-type.bundle.unit-test";
		};
/* End PBXNativeTarget section */

/* Begin PBXProject section */
		645132821945A2B3002A0B1B /* Project object */ = {
			isa = PBXProject;
			attributes = {
				LastUpgradeCheck = 0510;
				ORGANIZATIONNAME = "夏 伟";
				TargetAttributes = {
					645132AA1945A2B4002A0B1B = {
						TestTargetID = 645132891945A2B3002A0B1B;
					};
				};
			};
			buildConfigurationList = 645132851945A2B3002A0B1B /* Build configuration list for PBXProject "Market" */;
			compatibilityVersion = "Xcode 3.2";
			developmentRegion = English;
			hasScannedForEncodings = 0;
			knownRegions = (
				en,
				Base,
			);
			mainGroup = 645132811945A2B3002A0B1B;
			productRefGroup = 6451328B1945A2B3002A0B1B /* Products */;
			projectDirPath = "";
			projectRoot = "";
			targets = (
				645132891945A2B3002A0B1B /* Market */,
				645132AA1945A2B4002A0B1B /* MarketTests */,
			);
		};
/* End PBXProject section */

/* Begin PBXResourcesBuildPhase section */
		645132881945A2B3002A0B1B /* Resources */ = {
			isa = PBXResourcesBuildPhase;
			buildActionMask = 2147483647;
			files = (
				645132A61945A2B3002A0B1B /* Images.xcassets in Resources */,
				645132981945A2B3002A0B1B /* InfoPlist.strings in Resources */,
				645132A11945A2B3002A0B1B /* Main.storyboard in Resources */,
			);
			runOnlyForDeploymentPostprocessing = 0;
		};
		645132A91945A2B4002A0B1B /* Resources */ = {
			isa = PBXResourcesBuildPhase;
			buildActionMask = 2147483647;
			files = (
				645132B71945A2B4002A0B1B /* InfoPlist.strings in Resources */,
			);
			runOnlyForDeploymentPostprocessing = 0;
		};
/* End PBXResourcesBuildPhase section */

/* Begin PBXSourcesBuildPhase section */
		645132861945A2B3002A0B1B /* Sources */ = {
			isa = PBXSourcesBuildPhase;
			buildActionMask = 2147483647;
			files = (
				645132A41945A2B3002A0B1B /* ViewController.m in Sources */,
				6451329E1945A2B3002A0B1B /* AppDelegate.m in Sources */,
				6451329A1945A2B3002A0B1B /* main.m in Sources */,
			);
			runOnlyForDeploymentPostprocessing = 0;
		};
		645132A71945A2B4002A0B1B /* Sources */ = {
			isa = PBXSourcesBuildPhase;
			buildActionMask = 2147483647;
			files = (
				645132B91945A2B4002A0B1B /* MarketTests.m in Sources */,
			);
			runOnlyForDeploymentPostprocessing = 0;
		};
/* End PBXSourcesBuildPhase section */

/* Begin PBXTargetDependency section */
		645132B11945A2B4002A0B1B /* PBXTargetDependency */ = {
			isa = PBXTargetDependency;
			target = 645132891945A2B3002A0B1B /* Market */;
			targetProxy = 645132B01945A2B4002A0B1B /* PBXContainerItemProxy */;
		};
/* End PBXTargetDependency section */

/* Begin PBXVariantGroup section */
		645132961945A2B3002A0B1B /* InfoPlist.strings */ = {
			isa = PBXVariantGroup;
			children = (
				645132971945A2B3002A0B1B /* en */,
			);
			name = InfoPlist.strings;
			sourceTree = "<group>";
		};
		6451329F1945A2B3002A0B1B /* Main.storyboard */ = {
			isa = PBXVariantGroup;
			children = (
				645132A01945A2B3002A0B1B /* Base */,
			);
			name = Main.storyboard;
			sourceTree = "<group>";
		};
		645132B51945A2B4002A0B1B /* InfoPlist.strings */ = {
			isa = PBXVariantGroup;
			children = (
				645132B61945A2B4002A0B1B /* en */,
			);
			name = InfoPlist.strings;
			sourceTree = "<group>";
		};
/* End PBXVariantGroup section */

/* Begin XCBuildConfiguration section */
		645132BA1945A2B4002A0B1B /* Debug */ = {
			isa = XCBuildConfiguration;
			buildSettings = {
				ALWAYS_SEARCH_USER_PATHS = NO;
				CLANG_CXX_LANGUAGE_STANDARD = "gnu++0x";
				CLANG_CXX_LIBRARY = "libc++";
				CLANG_ENABLE_MODULES = YES;
				CLANG_ENABLE_OBJC_ARC = YES;
				CLANG_WARN_BOOL_CONVERSION = YES;
				CLANG_WARN_CONSTANT_CONVERSION = YES;
				CLANG_WARN_DIRECT_OBJC_ISA_USAGE = YES_ERROR;
				CLANG_WARN_EMPTY_BODY = YES;
				CLANG_WARN_ENUM_CONVERSION = YES;
				CLANG_WARN_INT_CONVERSION = YES;
				CLANG_WARN_OBJC_ROOT_CLASS = YES_ERROR;
				CLANG_WARN__DUPLICATE_METHOD_MATCH = YES;
				"CODE_SIGN_IDENTITY[sdk=iphoneos*]" = "iPhone Developer";
				COPY_PHASE_STRIP = NO;
				GCC_C_LANGUAGE_STANDARD = gnu99;
				GCC_DYNAMIC_NO_PIC = NO;
				GCC_OPTIMIZATION_LEVEL = 0;
				GCC_PREPROCESSOR_DEFINITIONS = (
					"DEBUG=1",
					"$(inherited)",
				);
				GCC_SYMBOLS_PRIVATE_EXTERN = NO;
				GCC_WARN_64_TO_32_BIT_CONVERSION = YES;
				GCC_WARN_ABOUT_RETURN_TYPE = YES_ERROR;
				GCC_WARN_UNDECLARED_SELECTOR = YES;
				GCC_WARN_UNINITIALIZED_AUTOS = YES_AGGRESSIVE;
				GCC_WARN_UNUSED_FUNCTION = YES;
				GCC_WARN_UNUSED_VARIABLE = YES;
				IPHONEOS_DEPLOYMENT_TARGET = 7.1;
				ONLY_ACTIVE_ARCH = YES;
				SDKROOT = iphoneos;
			};
			name = Debug;
		};
		645132BB1945A2B4002A0B1B /* Release */ = {
			isa = XCBuildConfiguration;
			buildSettings = {
				ALWAYS_SEARCH_USER_PATHS = NO;
				CLANG_CXX_LANGUAGE_STANDARD = "gnu++0x";
				CLANG_CXX_LIBRARY = "libc++";
				CLANG_ENABLE_MODULES = YES;
				CLANG_ENABLE_OBJC_ARC = YES;
				CLANG_WARN_BOOL_CONVERSION = YES;
				CLANG_WARN_CONSTANT_CONVERSION = YES;
				CLANG_WARN_DIRECT_OBJC_ISA_USAGE = YES_ERROR;
				CLANG_WARN_EMPTY_BODY = YES;
				CLANG_WARN_ENUM_CONVERSION = YES;
				CLANG_WARN_INT_CONVERSION = YES;
				CLANG_WARN_OBJC_ROOT_CLASS = YES_ERROR;
				CLANG_WARN__DUPLICATE_METHOD_MATCH = YES;
				"CODE_SIGN_IDENTITY[sdk=iphoneos*]" = "iPhone Developer";
				COPY_PHASE_STRIP = YES;
				ENABLE_NS_ASSERTIONS = NO;
				GCC_C_LANGUAGE_STANDARD = gnu99;
				GCC_WARN_64_TO_32_BIT_CONVERSION = YES;
				GCC_WARN_ABOUT_RETURN_TYPE = YES_ERROR;
				GCC_WARN_UNDECLARED_SELECTOR = YES;
				GCC_WARN_UNINITIALIZED_AUTOS = YES_AGGRESSIVE;
				GCC_WARN_UNUSED_FUNCTION = YES;
				GCC_WARN_UNUSED_VARIABLE = YES;
				IPHONEOS_DEPLOYMENT_TARGET = 7.1;
				SDKROOT = iphoneos;
				VALIDATE_PRODUCT = YES;
			};
			name = Release;
		};
		645132BD1945A2B4002A0B1B /* Debug */ = {
			isa = XCBuildConfiguration;
			buildSettings = {
				ASSETCATALOG_COMPILER_APPICON_NAME = AppIcon;
				ASSETCATALOG_COMPILER_LAUNCHIMAGE_NAME = LaunchImage;
				GCC_PRECOMPILE_PREFIX_HEADER = YES;
				GCC_PREFIX_HEADER = "Market/Market-Prefix.pch";
				INFOPLIST_FILE = "Market/Market-Info.plist";
				PRODUCT_NAME = "$(TARGET_NAME)";
				WRAPPER_EXTENSION = app;
			};
			name = Debug;
		};
		645132BE1945A2B4002A0B1B /* Release */ = {
			isa = XCBuildConfiguration;
			buildSettings = {
				ASSETCATALOG_COMPILER_APPICON_NAME = AppIcon;
				ASSETCATALOG_COMPILER_LAUNCHIMAGE_NAME = LaunchImage;
				GCC_PRECOMPILE_PREFIX_HEADER = YES;
				GCC_PREFIX_HEADER = "Market/Market-Prefix.pch";
				INFOPLIST_FILE = "Market/Market-Info.plist";
				PRODUCT_NAME = "$(TARGET_NAME)";
				WRAPPER_EXTENSION = app;
			};
			name = Release;
		};
		645132C01945A2B4002A0B1B /* Debug */ = {
			isa = XCBuildConfiguration;
			buildSettings = {
				BUNDLE_LOADER = "$(BUILT_PRODUCTS_DIR)/Market.app/Market";
				FRAMEWORK_SEARCH_PATHS = (
					"$(SDKROOT)/Developer/Library/Frameworks",
					"$(inherited)",
					"$(DEVELOPER_FRAMEWORKS_DIR)",
				);
				GCC_PRECOMPILE_PREFIX_HEADER = YES;
				GCC_PREFIX_HEADER = "Market/Market-Prefix.pch";
				GCC_PREPROCESSOR_DEFINITIONS = (
					"DEBUG=1",
					"$(inherited)",
				);
				INFOPLIST_FILE = "MarketTests/MarketTests-Info.plist";
				PRODUCT_NAME = "$(TARGET_NAME)";
				TEST_HOST = "$(BUNDLE_LOADER)";
				WRAPPER_EXTENSION = xctest;
			};
			name = Debug;
		};
		645132C11945A2B4002A0B1B /* Release */ = {
			isa = XCBuildConfiguration;
			buildSettings = {
				BUNDLE_LOADER = "$(BUILT_PRODUCTS_DIR)/Market.app/Market";
				FRAMEWORK_SEARCH_PATHS = (
					"$(SDKROOT)/Developer/Library/Frameworks",
					"$(inherited)",
					"$(DEVELOPER_FRAMEWORKS_DIR)",
				);
				GCC_PRECOMPILE_PREFIX_HEADER = YES;
				GCC_PREFIX_HEADER = "Market/Market-Prefix.pch";
				INFOPLIST_FILE = "MarketTests/MarketTests-Info.plist";
				PRODUCT_NAME = "$(TARGET_NAME)";
				TEST_HOST = "$(BUNDLE_LOADER)";
				WRAPPER_EXTENSION = xctest;
			};
			name = Release;
		};
/* End XCBuildConfiguration section */

/* Begin XCConfigurationList section */
		645132851945A2B3002A0B1B /* Build configuration list for PBXProject "Market" */ = {
			isa = XCConfigurationList;
			buildConfigurations = (
				645132BA1945A2B4002A0B1B /* Debug */,
				645132BB1945A2B4002A0B1B /* Release */,
			);
			defaultConfigurationIsVisible = 0;
			defaultConfigurationName = Release;
		};
		645132BC1945A2B4002A0B1B /* Build configuration list for PBXNativeTarget "Market" */ = {
			isa = XCConfigurationList;
			buildConfigurations = (
				645132BD1945A2B4002A0B1B /* Debug */,
				645132BE1945A2B4002A0B1B /* Release */,
			);
			defaultConfigurationIsVisible = 0;
		};
		645132BF1945A2B4002A0B1B /* Build configuration list for PBXNativeTarget "MarketTests" */ = {
			isa = XCConfigurationList;
			buildConfigurations = (
				645132C01945A2B4002A0B1B /* Debug */,
				645132C11945A2B4002A0B1B /* Release */,
			);
			defaultConfigurationIsVisible = 0;
		};
/* End XCConfigurationList section */
	};
	rootObject = 645132821945A2B3002A0B1B /* Project object */;
}
