// !$*UTF8*$!
{
	archiveVersion = 1;
	classes = {
	};
	objectVersion = 46;
	objects = {

/* Begin PBXBuildFile section */
		6451328E1945A2B3002A0B1B /* Foundation.framework in Frameworks */ = {isa = PBXBuildFile; fileRef = 6451328D1945A2B3002A0B1B /* Foundation.framework */; };
		645132901945A2B3002A0B1B /* CoreGraphics.framework in Frameworks */ = {isa = PBXBuildFile; fileRef = 6451328F1945A2B3002A0B1B /* CoreGraphics.framework */; };
		645132921945A2B3002A0B1B /* UIKit.framework in Frameworks */ = {isa = PBXBuildFile; fileRef = 645132911945A2B3002A0B1B /* UIKit.framework */; };
		645132981945A2B3002A0B1B /* InfoPlist.strings in Resources */ = {isa = PBXBuildFile; fileRef = 645132961945A2B3002A0B1B /* InfoPlist.strings */; };
		6451329A1945A2B3002A0B1B /* main.m in Sources */ = {isa = PBXBuildFile; fileRef = 645132991945A2B3002A0B1B /* main.m */; };
		6451329E1945A2B3002A0B1B /* AppDelegate.m in Sources */ = {isa = PBXBuildFile; fileRef = 6451329D1945A2B3002A0B1B /* AppDelegate.m */; };
		645132A11945A2B3002A0B1B /* Main.storyboard in Resources */ = {isa = PBXBuildFile; fileRef = 6451329F1945A2B3002A0B1B /* Main.storyboard */; };
		645132A41945A2B3002A0B1B /* ViewController.m in Sources */ = {isa = PBXBuildFile; fileRef = 645132A31945A2B3002A0B1B /* ViewController.m */; };
		645132A61945A2B3002A0B1B /* Images.xcassets in Resources */ = {isa = PBXBuildFile; fileRef = 645132A51945A2B3002A0B1B /* Images.xcassets */; };
		645132AD1945A2B4002A0B1B /* XCTest.framework in Frameworks */ = {isa = PBXBuildFile; fileRef = 645132AC1945A2B4002A0B1B /* XCTest.framework */; };
		645132AE1945A2B4002A0B1B /* Foundation.framework in Frameworks */ = {isa = PBXBuildFile; fileRef = 6451328D1945A2B3002A0B1B /* Foundation.framework */; };
		645132AF1945A2B4002A0B1B /* UIKit.framework in Frameworks */ = {isa = PBXBuildFile; fileRef = 645132911945A2B3002A0B1B /* UIKit.framework */; };
		645132B71945A2B4002A0B1B /* InfoPlist.strings in Resources */ = {isa = PBXBuildFile; fileRef = 645132B51945A2B4002A0B1B /* InfoPlist.strings */; };
		645132B91945A2B4002A0B1B /* MarketTests.m in Sources */ = {isa = PBXBuildFile; fileRef = 645132B81945A2B4002A0B1B /* MarketTests.m */; };
		645132C51945A6DE002A0B1B /* MainViewController.m in Sources */ = {isa = PBXBuildFile; fileRef = 645132C31945A6DE002A0B1B /* MainViewController.m */; };
		645132C61945A6DE002A0B1B /* MainViewController.xib in Resources */ = {isa = PBXBuildFile; fileRef = 645132C41945A6DE002A0B1B /* MainViewController.xib */; };
		645132CA1945A9B4002A0B1B /* MainViewController_4Inch.xib in Resources */ = {isa = PBXBuildFile; fileRef = 645132C91945A9B4002A0B1B /* MainViewController_4Inch.xib */; };
		64588CD0194EDE24008C9561 /* SVProgressHUD.bundle in Resources */ = {isa = PBXBuildFile; fileRef = 64588CCD194EDE24008C9561 /* SVProgressHUD.bundle */; };
		64588CD1194EDE24008C9561 /* SVProgressHUD.m in Sources */ = {isa = PBXBuildFile; fileRef = 64588CCF194EDE24008C9561 /* SVProgressHUD.m */; };
		64588CD6194EFBEC008C9561 /* ProductInfoViewController.m in Sources */ = {isa = PBXBuildFile; fileRef = 64588CD4194EFBEC008C9561 /* ProductInfoViewController.m */; };
		64588CD7194EFBEC008C9561 /* ProductInfoViewController.xib in Resources */ = {isa = PBXBuildFile; fileRef = 64588CD5194EFBEC008C9561 /* ProductInfoViewController.xib */; };
		648270EA195284DF005B057C /* LoginViewControllerTM_4Inch.xib in Resources */ = {isa = PBXBuildFile; fileRef = 648270E2195284DF005B057C /* LoginViewControllerTM_4Inch.xib */; };
		648270EB195284DF005B057C /* LoginViewControllerTM.m in Sources */ = {isa = PBXBuildFile; fileRef = 648270E4195284DF005B057C /* LoginViewControllerTM.m */; };
		648270EC195284DF005B057C /* LoginViewControllerTM.xib in Resources */ = {isa = PBXBuildFile; fileRef = 648270E5195284DF005B057C /* LoginViewControllerTM.xib */; };
		648270F4195286FF005B057C /* RegistEmailViewControllerTM_4Inch.xib in Resources */ = {isa = PBXBuildFile; fileRef = 648270F0195286FF005B057C /* RegistEmailViewControllerTM_4Inch.xib */; };
		648270F5195286FF005B057C /* RegistEmailViewControllerTM.m in Sources */ = {isa = PBXBuildFile; fileRef = 648270F2195286FF005B057C /* RegistEmailViewControllerTM.m */; };
		648270F6195286FF005B057C /* RegistEmailViewControllerTM.xib in Resources */ = {isa = PBXBuildFile; fileRef = 648270F3195286FF005B057C /* RegistEmailViewControllerTM.xib */; };
		648270FA19528888005B057C /* ChangPasswordViewController.m in Sources */ = {isa = PBXBuildFile; fileRef = 648270F819528888005B057C /* ChangPasswordViewController.m */; };
		648270FB19528888005B057C /* ChangPasswordViewController.xib in Resources */ = {isa = PBXBuildFile; fileRef = 648270F919528888005B057C /* ChangPasswordViewController.xib */; };
		64AEDA12195135F200C8E651 /* CopyConnection.framework in Frameworks */ = {isa = PBXBuildFile; fileRef = 64AED9C0195135F200C8E651 /* CopyConnection.framework */; };
		64AEDA13195135F200C8E651 /* DouBanConnection.framework in Frameworks */ = {isa = PBXBuildFile; fileRef = 64AED9C1195135F200C8E651 /* DouBanConnection.framework */; };
		64AEDA14195135F200C8E651 /* DropboxConnection.framework in Frameworks */ = {isa = PBXBuildFile; fileRef = 64AED9C2195135F200C8E651 /* DropboxConnection.framework */; };
		64AEDA15195135F200C8E651 /* EverNoteConnection.framework in Frameworks */ = {isa = PBXBuildFile; fileRef = 64AED9C3195135F200C8E651 /* EverNoteConnection.framework */; };
		64AEDA16195135F200C8E651 /* FacebookConnection.framework in Frameworks */ = {isa = PBXBuildFile; fileRef = 64AED9C4195135F200C8E651 /* FacebookConnection.framework */; };
		64AEDA17195135F200C8E651 /* FlickrConnection.framework in Frameworks */ = {isa = PBXBuildFile; fileRef = 64AED9C5195135F200C8E651 /* FlickrConnection.framework */; };
		64AEDA18195135F200C8E651 /* GooglePlusConnection.framework in Frameworks */ = {isa = PBXBuildFile; fileRef = 64AED9C6195135F200C8E651 /* GooglePlusConnection.framework */; };
		64AEDA19195135F200C8E651 /* InstagramConnection.framework in Frameworks */ = {isa = PBXBuildFile; fileRef = 64AED9C7195135F200C8E651 /* InstagramConnection.framework */; };
		64AEDA1A195135F200C8E651 /* InstapaperConnection.framework in Frameworks */ = {isa = PBXBuildFile; fileRef = 64AED9C8195135F200C8E651 /* InstapaperConnection.framework */; };
		64AEDA1B195135F200C8E651 /* InstapaperResource.bundle in Resources */ = {isa = PBXBuildFile; fileRef = 64AED9C9195135F200C8E651 /* InstapaperResource.bundle */; };
		64AEDA1C195135F200C8E651 /* KaiXinConnection.framework in Frameworks */ = {isa = PBXBuildFile; fileRef = 64AED9CA195135F200C8E651 /* KaiXinConnection.framework */; };
		64AEDA1D195135F200C8E651 /* LinkedInConnection.framework in Frameworks */ = {isa = PBXBuildFile; fileRef = 64AED9CB195135F200C8E651 /* LinkedInConnection.framework */; };
		64AEDA1E195135F300C8E651 /* MailConnection.framework in Frameworks */ = {isa = PBXBuildFile; fileRef = 64AED9CC195135F200C8E651 /* MailConnection.framework */; };
		64AEDA1F195135F300C8E651 /* PinterestConnection.framework in Frameworks */ = {isa = PBXBuildFile; fileRef = 64AED9CD195135F200C8E651 /* PinterestConnection.framework */; };
		64AEDA20195135F300C8E651 /* PocketConnection.framework in Frameworks */ = {isa = PBXBuildFile; fileRef = 64AED9CE195135F200C8E651 /* PocketConnection.framework */; };
		64AEDA21195135F300C8E651 /* PrintConnection.framework in Frameworks */ = {isa = PBXBuildFile; fileRef = 64AED9CF195135F200C8E651 /* PrintConnection.framework */; };
		64AEDA22195135F300C8E651 /* QQConnection.framework in Frameworks */ = {isa = PBXBuildFile; fileRef = 64AED9D0195135F200C8E651 /* QQConnection.framework */; };
		64AEDA23195135F300C8E651 /* QZoneConnection.framework in Frameworks */ = {isa = PBXBuildFile; fileRef = 64AED9D1195135F200C8E651 /* QZoneConnection.framework */; };
		64AEDA24195135F300C8E651 /* RenRenConnection.framework in Frameworks */ = {isa = PBXBuildFile; fileRef = 64AED9D2195135F200C8E651 /* RenRenConnection.framework */; };
		64AEDA25195135F300C8E651 /* SinaWeiboConnection.framework in Frameworks */ = {isa = PBXBuildFile; fileRef = 64AED9D3195135F200C8E651 /* SinaWeiboConnection.framework */; };
		64AEDA26195135F300C8E651 /* SMSConnection.framework in Frameworks */ = {isa = PBXBuildFile; fileRef = 64AED9D4195135F200C8E651 /* SMSConnection.framework */; };
		64AEDA27195135F300C8E651 /* SohuConnection.framework in Frameworks */ = {isa = PBXBuildFile; fileRef = 64AED9D5195135F200C8E651 /* SohuConnection.framework */; };
		64AEDA28195135F300C8E651 /* SohuWeiboConnection.framework in Frameworks */ = {isa = PBXBuildFile; fileRef = 64AED9D6195135F200C8E651 /* SohuWeiboConnection.framework */; };
		64AEDA29195135F300C8E651 /* T163WeiboConnection.framework in Frameworks */ = {isa = PBXBuildFile; fileRef = 64AED9D7195135F200C8E651 /* T163WeiboConnection.framework */; };
		64AEDA2A195135F300C8E651 /* TencentWeiboConnection.framework in Frameworks */ = {isa = PBXBuildFile; fileRef = 64AED9D8195135F200C8E651 /* TencentWeiboConnection.framework */; };
		64AEDA2B195135F300C8E651 /* TumblrConnection.framework in Frameworks */ = {isa = PBXBuildFile; fileRef = 64AED9D9195135F200C8E651 /* TumblrConnection.framework */; };
		64AEDA2C195135F300C8E651 /* TwitterConnection.framework in Frameworks */ = {isa = PBXBuildFile; fileRef = 64AED9DA195135F200C8E651 /* TwitterConnection.framework */; };
		64AEDA2D195135F300C8E651 /* VKontakteConnection.framework in Frameworks */ = {isa = PBXBuildFile; fileRef = 64AED9DB195135F200C8E651 /* VKontakteConnection.framework */; };
		64AEDA2E195135F300C8E651 /* WeChatConnection.framework in Frameworks */ = {isa = PBXBuildFile; fileRef = 64AED9DC195135F200C8E651 /* WeChatConnection.framework */; };
		64AEDA2F195135F300C8E651 /* YiXinConnection.framework in Frameworks */ = {isa = PBXBuildFile; fileRef = 64AED9DD195135F200C8E651 /* YiXinConnection.framework */; };
		64AEDA30195135F300C8E651 /* YouDaoNoteConnection.framework in Frameworks */ = {isa = PBXBuildFile; fileRef = 64AED9DE195135F200C8E651 /* YouDaoNoteConnection.framework */; };
		64AEDA31195135F300C8E651 /* AGCommon.framework in Frameworks */ = {isa = PBXBuildFile; fileRef = 64AED9E0195135F200C8E651 /* AGCommon.framework */; };
		64AEDA32195135F300C8E651 /* ShareSDKLocalizable.strings in Resources */ = {isa = PBXBuildFile; fileRef = 64AED9E1195135F200C8E651 /* ShareSDKLocalizable.strings */; };
		64AEDA33195135F300C8E651 /* Resource.bundle in Resources */ = {isa = PBXBuildFile; fileRef = 64AED9E3195135F200C8E651 /* Resource.bundle */; };
		64AEDA34195135F300C8E651 /* ShareSDKCoreService.framework in Frameworks */ = {isa = PBXBuildFile; fileRef = 64AED9E4195135F200C8E651 /* ShareSDKCoreService.framework */; };
		64AEDA35195135F300C8E651 /* GoogleOpenSource.framework in Frameworks */ = {isa = PBXBuildFile; fileRef = 64AED9E8195135F200C8E651 /* GoogleOpenSource.framework */; };
		64AEDA36195135F300C8E651 /* GooglePlus.bundle in Resources */ = {isa = PBXBuildFile; fileRef = 64AED9E9195135F200C8E651 /* GooglePlus.bundle */; };
		64AEDA37195135F300C8E651 /* GooglePlus.framework in Frameworks */ = {isa = PBXBuildFile; fileRef = 64AED9EA195135F200C8E651 /* GooglePlus.framework */; };
		64AEDA38195135F300C8E651 /* Pinterest.framework in Frameworks */ = {isa = PBXBuildFile; fileRef = 64AED9EC195135F200C8E651 /* Pinterest.framework */; };
		64AEDA39195135F300C8E651 /* PinterestSDKResources.bundle in Resources */ = {isa = PBXBuildFile; fileRef = 64AED9EE195135F200C8E651 /* PinterestSDKResources.bundle */; };
		64AEDA3A195135F300C8E651 /* TencentOpenAPI.framework in Frameworks */ = {isa = PBXBuildFile; fileRef = 64AED9F0195135F200C8E651 /* TencentOpenAPI.framework */; };
		64AEDA3B195135F300C8E651 /* TencentOpenApi_IOS_Bundle.bundle in Resources */ = {isa = PBXBuildFile; fileRef = 64AED9F1195135F200C8E651 /* TencentOpenApi_IOS_Bundle.bundle */; };
		64AEDA3C195135F300C8E651 /* RennSDK.bundle in Resources */ = {isa = PBXBuildFile; fileRef = 64AED9F3195135F200C8E651 /* RennSDK.bundle */; };
		64AEDA3D195135F300C8E651 /* RennSDK.framework in Frameworks */ = {isa = PBXBuildFile; fileRef = 64AED9F4195135F200C8E651 /* RennSDK.framework */; };
		64AEDA3E195135F300C8E651 /* libSinaWeiboSDK.a in Frameworks */ = {isa = PBXBuildFile; fileRef = 64AED9F6195135F200C8E651 /* libSinaWeiboSDK.a */; };
		64AEDA3F195135F300C8E651 /* WeiboSDK.bundle in Resources */ = {isa = PBXBuildFile; fileRef = 64AED9F7195135F200C8E651 /* WeiboSDK.bundle */; };
		64AEDA40195135F300C8E651 /* libTCWeiboSDK.a in Frameworks */ = {isa = PBXBuildFile; fileRef = 64AED9FA195135F200C8E651 /* libTCWeiboSDK.a */; };
		64AEDA41195135F300C8E651 /* libWeChatSDK.a in Frameworks */ = {isa = PBXBuildFile; fileRef = 64AED9FD195135F200C8E651 /* libWeChatSDK.a */; };
		64AEDA42195135F300C8E651 /* libYixinSDK.a in Frameworks */ = {isa = PBXBuildFile; fileRef = 64AEDA01195135F200C8E651 /* libYixinSDK.a */; };
		64AEDA43195135F300C8E651 /* ShareSDK.framework in Frameworks */ = {isa = PBXBuildFile; fileRef = 64AEDA04195135F200C8E651 /* ShareSDK.framework */; };
		64AEDA44195135F300C8E651 /* ShareSDKFlatShareViewUI.bundle in Resources */ = {isa = PBXBuildFile; fileRef = 64AEDA06195135F200C8E651 /* ShareSDKFlatShareViewUI.bundle */; };
		64AEDA45195135F300C8E651 /* ShareSDKFlatShareViewUI.framework in Frameworks */ = {isa = PBXBuildFile; fileRef = 64AEDA07195135F200C8E651 /* ShareSDKFlatShareViewUI.framework */; };
		64AEDA46195135F300C8E651 /* ShareSDKiPadDefaultShareViewUI.bundle in Resources */ = {isa = PBXBuildFile; fileRef = 64AEDA08195135F200C8E651 /* ShareSDKiPadDefaultShareViewUI.bundle */; };
		64AEDA47195135F300C8E651 /* ShareSDKiPadDefaultShareViewUI.framework in Frameworks */ = {isa = PBXBuildFile; fileRef = 64AEDA09195135F200C8E651 /* ShareSDKiPadDefaultShareViewUI.framework */; };
		64AEDA48195135F300C8E651 /* ShareSDKiPadSimpleShareViewUI.bundle in Resources */ = {isa = PBXBuildFile; fileRef = 64AEDA0A195135F200C8E651 /* ShareSDKiPadSimpleShareViewUI.bundle */; };
		64AEDA49195135F300C8E651 /* ShareSDKiPadSimpleShareViewUI.framework in Frameworks */ = {isa = PBXBuildFile; fileRef = 64AEDA0B195135F200C8E651 /* ShareSDKiPadSimpleShareViewUI.framework */; };
		64AEDA4A195135F300C8E651 /* ShareSDKiPhoneAppRecommendShareViewUI.framework in Frameworks */ = {isa = PBXBuildFile; fileRef = 64AEDA0C195135F200C8E651 /* ShareSDKiPhoneAppRecommendShareViewUI.framework */; };
		64AEDA4B195135F300C8E651 /* ShareSDKiPhoneDefaultShareViewUI.bundle in Resources */ = {isa = PBXBuildFile; fileRef = 64AEDA0D195135F200C8E651 /* ShareSDKiPhoneDefaultShareViewUI.bundle */; };
		64AEDA4C195135F300C8E651 /* ShareSDKiPhoneDefaultShareViewUI.framework in Frameworks */ = {isa = PBXBuildFile; fileRef = 64AEDA0E195135F200C8E651 /* ShareSDKiPhoneDefaultShareViewUI.framework */; };
		64AEDA4D195135F300C8E651 /* ShareSDKiPhoneSimpleShareViewUI.bundle in Resources */ = {isa = PBXBuildFile; fileRef = 64AEDA0F195135F200C8E651 /* ShareSDKiPhoneSimpleShareViewUI.bundle */; };
		64AEDA4E195135F300C8E651 /* ShareSDKiPhoneSimpleShareViewUI.framework in Frameworks */ = {isa = PBXBuildFile; fileRef = 64AEDA10195135F200C8E651 /* ShareSDKiPhoneSimpleShareViewUI.framework */; };
		64AEDA4F195135F300C8E651 /* ShareSDKShareActionSheet.framework in Frameworks */ = {isa = PBXBuildFile; fileRef = 64AEDA11195135F200C8E651 /* ShareSDKShareActionSheet.framework */; };
		64AEDA511951368300C8E651 /* SystemConfiguration.framework in Frameworks */ = {isa = PBXBuildFile; fileRef = 64AEDA501951368300C8E651 /* SystemConfiguration.framework */; };
		64AEDA531951368E00C8E651 /* QuartzCore.framework in Frameworks */ = {isa = PBXBuildFile; fileRef = 64AEDA521951368E00C8E651 /* QuartzCore.framework */; };
		64AEDA551951369F00C8E651 /* CoreTelephony.framework in Frameworks */ = {isa = PBXBuildFile; fileRef = 64AEDA541951369F00C8E651 /* CoreTelephony.framework */; };
		64AEDA57195136C800C8E651 /* libicucore.dylib in Frameworks */ = {isa = PBXBuildFile; fileRef = 64AEDA56195136C800C8E651 /* libicucore.dylib */; };
		64AEDA59195136D000C8E651 /* libz.1.2.5.dylib in Frameworks */ = {isa = PBXBuildFile; fileRef = 64AEDA58195136D000C8E651 /* libz.1.2.5.dylib */; };
		64AEDA5B195136DB00C8E651 /* Security.framework in Frameworks */ = {isa = PBXBuildFile; fileRef = 64AEDA5A195136DB00C8E651 /* Security.framework */; };
		64AEDA5D195136E800C8E651 /* libstdc++.dylib in Frameworks */ = {isa = PBXBuildFile; fileRef = 64AEDA5C195136E800C8E651 /* libstdc++.dylib */; };
		64AEDA5F195136FB00C8E651 /* libsqlite3.dylib in Frameworks */ = {isa = PBXBuildFile; fileRef = 64AEDA5E195136FB00C8E651 /* libsqlite3.dylib */; };
		64AEDA611951370700C8E651 /* CoreMotion.framework in Frameworks */ = {isa = PBXBuildFile; fileRef = 64AEDA601951370700C8E651 /* CoreMotion.framework */; };
		64AEDA631951371400C8E651 /* CoreLocation.framework in Frameworks */ = {isa = PBXBuildFile; fileRef = 64AEDA621951371400C8E651 /* CoreLocation.framework */; };
		64AEDA651951372500C8E651 /* MediaPlayer.framework in Frameworks */ = {isa = PBXBuildFile; fileRef = 64AEDA641951372500C8E651 /* MediaPlayer.framework */; };
		64AEDA671951373E00C8E651 /* CoreText.framework in Frameworks */ = {isa = PBXBuildFile; fileRef = 64AEDA661951373E00C8E651 /* CoreText.framework */; };
		64AEDA691951374B00C8E651 /* AssetsLibrary.framework in Frameworks */ = {isa = PBXBuildFile; fileRef = 64AEDA681951374B00C8E651 /* AssetsLibrary.framework */; };
		64AEDA6B1951375100C8E651 /* AddressBook.framework in Frameworks */ = {isa = PBXBuildFile; fileRef = 64AEDA6A1951375000C8E651 /* AddressBook.framework */; };
		64AEDA6D1951375800C8E651 /* MessageUI.framework in Frameworks */ = {isa = PBXBuildFile; fileRef = 64AEDA6C1951375800C8E651 /* MessageUI.framework */; };
		64AF25ED194991FE009572E5 /* AppsTableViewCell.m in Sources */ = {isa = PBXBuildFile; fileRef = 64AF25EB194991FE009572E5 /* AppsTableViewCell.m */; };
		64AF25EE194991FE009572E5 /* AppsTableViewCell.xib in Resources */ = {isa = PBXBuildFile; fileRef = 64AF25EC194991FE009572E5 /* AppsTableViewCell.xib */; };
		64AF25FE1949A182009572E5 /* DataParseTool.m in Sources */ = {isa = PBXBuildFile; fileRef = 64AF25F11949A182009572E5 /* DataParseTool.m */; };
		64AF25FF1949A182009572E5 /* EoceneServerConnect.m in Sources */ = {isa = PBXBuildFile; fileRef = 64AF25F31949A182009572E5 /* EoceneServerConnect.m */; };
		64AF26001949A182009572E5 /* MySingleton.m in Sources */ = {isa = PBXBuildFile; fileRef = 64AF25F51949A182009572E5 /* MySingleton.m */; };
		64AF26011949A182009572E5 /* Regex.m in Sources */ = {isa = PBXBuildFile; fileRef = 64AF25F71949A182009572E5 /* Regex.m */; };
		64AF26021949A182009572E5 /* ServerConnect.m in Sources */ = {isa = PBXBuildFile; fileRef = 64AF25F91949A182009572E5 /* ServerConnect.m */; };
		64AF26031949A182009572E5 /* WQPlaySound.m in Sources */ = {isa = PBXBuildFile; fileRef = 64AF25FB1949A182009572E5 /* WQPlaySound.m */; };
		64AF26041949A182009572E5 /* XmlTool.m in Sources */ = {isa = PBXBuildFile; fileRef = 64AF25FD1949A182009572E5 /* XmlTool.m */; };
		64AF2608194AEFD7009572E5 /* GoodsTableViewCell.m in Sources */ = {isa = PBXBuildFile; fileRef = 64AF2606194AEFD7009572E5 /* GoodsTableViewCell.m */; };
		64AF2609194AEFD7009572E5 /* GoodsTableViewCell.xib in Resources */ = {isa = PBXBuildFile; fileRef = 64AF2607194AEFD7009572E5 /* GoodsTableViewCell.xib */; };
		64B0769019581A5400AE9887 /* CheckCodeViewController.m in Sources */ = {isa = PBXBuildFile; fileRef = 64B0768B19581A5400AE9887 /* CheckCodeViewController.m */; };
		64B0769119581A5400AE9887 /* CheckCodeViewController.xib in Resources */ = {isa = PBXBuildFile; fileRef = 64B0768C19581A5400AE9887 /* CheckCodeViewController.xib */; };
		64B0769219581A5400AE9887 /* NewPasswordViewController.m in Sources */ = {isa = PBXBuildFile; fileRef = 64B0768E19581A5400AE9887 /* NewPasswordViewController.m */; };
		64B0769319581A5400AE9887 /* NewPasswordViewController.xib in Resources */ = {isa = PBXBuildFile; fileRef = 64B0768F19581A5400AE9887 /* NewPasswordViewController.xib */; };
		64B07697195827C000AE9887 /* MyAttentionViewController.m in Sources */ = {isa = PBXBuildFile; fileRef = 64B07695195827C000AE9887 /* MyAttentionViewController.m */; };
		64B07698195827C000AE9887 /* MyAttentionViewController.xib in Resources */ = {isa = PBXBuildFile; fileRef = 64B07696195827C000AE9887 /* MyAttentionViewController.xib */; };
		64B29C741948217600AC5FAB /* AppsViewController.m in Sources */ = {isa = PBXBuildFile; fileRef = 64B29C721948217600AC5FAB /* AppsViewController.m */; };
		64B29C751948217600AC5FAB /* AppsViewController.xib in Resources */ = {isa = PBXBuildFile; fileRef = 64B29C731948217600AC5FAB /* AppsViewController.xib */; };
		64B29C791948223500AC5FAB /* GoodsViewController.m in Sources */ = {isa = PBXBuildFile; fileRef = 64B29C771948223500AC5FAB /* GoodsViewController.m */; };
		64B29C7A1948223500AC5FAB /* GoodsViewController.xib in Resources */ = {isa = PBXBuildFile; fileRef = 64B29C781948223500AC5FAB /* GoodsViewController.xib */; };
		64BB160419469F8D00E5CE82 /* LoginViewController.m in Sources */ = {isa = PBXBuildFile; fileRef = 64BB160219469F8D00E5CE82 /* LoginViewController.m */; };
		64BB160519469F8D00E5CE82 /* LoginViewController.xib in Resources */ = {isa = PBXBuildFile; fileRef = 64BB160319469F8D00E5CE82 /* LoginViewController.xib */; };
		64BB16091946A00100E5CE82 /* SearchViewController.m in Sources */ = {isa = PBXBuildFile; fileRef = 64BB16071946A00100E5CE82 /* SearchViewController.m */; };
		64BB160A1946A00100E5CE82 /* SearchViewController.xib in Resources */ = {isa = PBXBuildFile; fileRef = 64BB16081946A00100E5CE82 /* SearchViewController.xib */; };
		64BB160E1946A01800E5CE82 /* UserViewController.m in Sources */ = {isa = PBXBuildFile; fileRef = 64BB160C1946A01800E5CE82 /* UserViewController.m */; };
		64BB160F1946A01800E5CE82 /* UserViewController.xib in Resources */ = {isa = PBXBuildFile; fileRef = 64BB160D1946A01800E5CE82 /* UserViewController.xib */; };
		64BB16131946A07400E5CE82 /* PostViewController.m in Sources */ = {isa = PBXBuildFile; fileRef = 64BB16111946A07400E5CE82 /* PostViewController.m */; };
		64BB16141946A07400E5CE82 /* PostViewController.xib in Resources */ = {isa = PBXBuildFile; fileRef = 64BB16121946A07400E5CE82 /* PostViewController.xib */; };
		64BB16171946AEE400E5CE82 /* Localizable.strings in Resources */ = {isa = PBXBuildFile; fileRef = 64BB16191946AEE400E5CE82 /* Localizable.strings */; };
		64CFFD4C195426F900618433 /* GoodsDetailedTableViewCell.m in Sources */ = {isa = PBXBuildFile; fileRef = 64CFFD4A195426F900618433 /* GoodsDetailedTableViewCell.m */; };
		64CFFD4D195426F900618433 /* GoodsDetailedTableViewCell.xib in Resources */ = {isa = PBXBuildFile; fileRef = 64CFFD4B195426F900618433 /* GoodsDetailedTableViewCell.xib */; };
/* End PBXBuildFile section */

/* Begin PBXContainerItemProxy section */
		645132B01945A2B4002A0B1B /* PBXContainerItemProxy */ = {
			isa = PBXContainerItemProxy;
			containerPortal = 645132821945A2B3002A0B1B /* Project object */;
			proxyType = 1;
			remoteGlobalIDString = 645132891945A2B3002A0B1B;
			remoteInfo = Market;
		};
/* End PBXContainerItemProxy section */

/* Begin PBXFileReference section */
		6451328A1945A2B3002A0B1B /* Market.app */ = {isa = PBXFileReference; explicitFileType = wrapper.application; includeInIndex = 0; path = Market.app; sourceTree = BUILT_PRODUCTS_DIR; };
		6451328D1945A2B3002A0B1B /* Foundation.framework */ = {isa = PBXFileReference; lastKnownFileType = wrapper.framework; name = Foundation.framework; path = System/Library/Frameworks/Foundation.framework; sourceTree = SDKROOT; };
		6451328F1945A2B3002A0B1B /* CoreGraphics.framework */ = {isa = PBXFileReference; lastKnownFileType = wrapper.framework; name = CoreGraphics.framework; path = System/Library/Frameworks/CoreGraphics.framework; sourceTree = SDKROOT; };
		645132911945A2B3002A0B1B /* UIKit.framework */ = {isa = PBXFileReference; lastKnownFileType = wrapper.framework; name = UIKit.framework; path = System/Library/Frameworks/UIKit.framework; sourceTree = SDKROOT; };
		645132951945A2B3002A0B1B /* Market-Info.plist */ = {isa = PBXFileReference; lastKnownFileType = text.plist.xml; path = "Market-Info.plist"; sourceTree = "<group>"; };
		645132971945A2B3002A0B1B /* en */ = {isa = PBXFileReference; lastKnownFileType = text.plist.strings; name = en; path = en.lproj/InfoPlist.strings; sourceTree = "<group>"; };
		645132991945A2B3002A0B1B /* main.m */ = {isa = PBXFileReference; lastKnownFileType = sourcecode.c.objc; path = main.m; sourceTree = "<group>"; };
		6451329B1945A2B3002A0B1B /* Market-Prefix.pch */ = {isa = PBXFileReference; lastKnownFileType = sourcecode.c.h; path = "Market-Prefix.pch"; sourceTree = "<group>"; };
		6451329C1945A2B3002A0B1B /* AppDelegate.h */ = {isa = PBXFileReference; lastKnownFileType = sourcecode.c.h; path = AppDelegate.h; sourceTree = "<group>"; };
		6451329D1945A2B3002A0B1B /* AppDelegate.m */ = {isa = PBXFileReference; lastKnownFileType = sourcecode.c.objc; path = AppDelegate.m; sourceTree = "<group>"; };
		645132A01945A2B3002A0B1B /* Base */ = {isa = PBXFileReference; lastKnownFileType = file.storyboard; name = Base; path = Base.lproj/Main.storyboard; sourceTree = "<group>"; };
		645132A21945A2B3002A0B1B /* ViewController.h */ = {isa = PBXFileReference; lastKnownFileType = sourcecode.c.h; path = ViewController.h; sourceTree = "<group>"; };
		645132A31945A2B3002A0B1B /* ViewController.m */ = {isa = PBXFileReference; lastKnownFileType = sourcecode.c.objc; path = ViewController.m; sourceTree = "<group>"; };
		645132A51945A2B3002A0B1B /* Images.xcassets */ = {isa = PBXFileReference; lastKnownFileType = folder.assetcatalog; path = Images.xcassets; sourceTree = "<group>"; };
		645132AB1945A2B4002A0B1B /* MarketTests.xctest */ = {isa = PBXFileReference; explicitFileType = wrapper.cfbundle; includeInIndex = 0; path = MarketTests.xctest; sourceTree = BUILT_PRODUCTS_DIR; };
		645132AC1945A2B4002A0B1B /* XCTest.framework */ = {isa = PBXFileReference; lastKnownFileType = wrapper.framework; name = XCTest.framework; path = Library/Frameworks/XCTest.framework; sourceTree = DEVELOPER_DIR; };
		645132B41945A2B4002A0B1B /* MarketTests-Info.plist */ = {isa = PBXFileReference; lastKnownFileType = text.plist.xml; path = "MarketTests-Info.plist"; sourceTree = "<group>"; };
		645132B61945A2B4002A0B1B /* en */ = {isa = PBXFileReference; lastKnownFileType = text.plist.strings; name = en; path = en.lproj/InfoPlist.strings; sourceTree = "<group>"; };
		645132B81945A2B4002A0B1B /* MarketTests.m */ = {isa = PBXFileReference; lastKnownFileType = sourcecode.c.objc; path = MarketTests.m; sourceTree = "<group>"; };
		645132C21945A6DE002A0B1B /* MainViewController.h */ = {isa = PBXFileReference; fileEncoding = 4; lastKnownFileType = sourcecode.c.h; name = MainViewController.h; path = iphoneview/MainViewController.h; sourceTree = "<group>"; };
		645132C31945A6DE002A0B1B /* MainViewController.m */ = {isa = PBXFileReference; fileEncoding = 4; lastKnownFileType = sourcecode.c.objc; name = MainViewController.m; path = iphoneview/MainViewController.m; sourceTree = "<group>"; };
		645132C41945A6DE002A0B1B /* MainViewController.xib */ = {isa = PBXFileReference; fileEncoding = 4; lastKnownFileType = file.xib; name = MainViewController.xib; path = iphoneview/MainViewController.xib; sourceTree = "<group>"; };
		645132C91945A9B4002A0B1B /* MainViewController_4Inch.xib */ = {isa = PBXFileReference; fileEncoding = 4; lastKnownFileType = file.xib; name = MainViewController_4Inch.xib; path = iphoneview/MainViewController_4Inch.xib; sourceTree = "<group>"; };
		64588CCD194EDE24008C9561 /* SVProgressHUD.bundle */ = {isa = PBXFileReference; lastKnownFileType = "wrapper.plug-in"; path = SVProgressHUD.bundle; sourceTree = "<group>"; };
		64588CCE194EDE24008C9561 /* SVProgressHUD.h */ = {isa = PBXFileReference; fileEncoding = 4; lastKnownFileType = sourcecode.c.h; path = SVProgressHUD.h; sourceTree = "<group>"; };
		64588CCF194EDE24008C9561 /* SVProgressHUD.m */ = {isa = PBXFileReference; fileEncoding = 4; lastKnownFileType = sourcecode.c.objc; path = SVProgressHUD.m; sourceTree = "<group>"; };
		64588CD3194EFBEC008C9561 /* ProductInfoViewController.h */ = {isa = PBXFileReference; fileEncoding = 4; lastKnownFileType = sourcecode.c.h; name = ProductInfoViewController.h; path = iphoneview/ProductInfoViewController.h; sourceTree = "<group>"; };
		64588CD4194EFBEC008C9561 /* ProductInfoViewController.m */ = {isa = PBXFileReference; fileEncoding = 4; lastKnownFileType = sourcecode.c.objc; name = ProductInfoViewController.m; path = iphoneview/ProductInfoViewController.m; sourceTree = "<group>"; };
		64588CD5194EFBEC008C9561 /* ProductInfoViewController.xib */ = {isa = PBXFileReference; fileEncoding = 4; lastKnownFileType = file.xib; name = ProductInfoViewController.xib; path = iphoneview/ProductInfoViewController.xib; sourceTree = "<group>"; };
		64588CD8194FD6E1008C9561 /* UIViewPassValueDelegate.h */ = {isa = PBXFileReference; lastKnownFileType = sourcecode.c.h; name = UIViewPassValueDelegate.h; path = valueprotocol/UIViewPassValueDelegate.h; sourceTree = "<group>"; };
		648270E2195284DF005B057C /* LoginViewControllerTM_4Inch.xib */ = {isa = PBXFileReference; fileEncoding = 4; lastKnownFileType = file.xib; name = LoginViewControllerTM_4Inch.xib; path = iphoneview/LoginViewControllerTM_4Inch.xib; sourceTree = "<group>"; };
		648270E3195284DF005B057C /* LoginViewControllerTM.h */ = {isa = PBXFileReference; fileEncoding = 4; lastKnownFileType = sourcecode.c.h; name = LoginViewControllerTM.h; path = iphoneview/LoginViewControllerTM.h; sourceTree = "<group>"; };
		648270E4195284DF005B057C /* LoginViewControllerTM.m */ = {isa = PBXFileReference; fileEncoding = 4; lastKnownFileType = sourcecode.c.objc; name = LoginViewControllerTM.m; path = iphoneview/LoginViewControllerTM.m; sourceTree = "<group>"; };
		648270E5195284DF005B057C /* LoginViewControllerTM.xib */ = {isa = PBXFileReference; fileEncoding = 4; lastKnownFileType = file.xib; name = LoginViewControllerTM.xib; path = iphoneview/LoginViewControllerTM.xib; sourceTree = "<group>"; };
		648270F0195286FF005B057C /* RegistEmailViewControllerTM_4Inch.xib */ = {isa = PBXFileReference; fileEncoding = 4; lastKnownFileType = file.xib; name = RegistEmailViewControllerTM_4Inch.xib; path = iphoneview/RegistEmailViewControllerTM_4Inch.xib; sourceTree = "<group>"; };
		648270F1195286FF005B057C /* RegistEmailViewControllerTM.h */ = {isa = PBXFileReference; fileEncoding = 4; lastKnownFileType = sourcecode.c.h; name = RegistEmailViewControllerTM.h; path = iphoneview/RegistEmailViewControllerTM.h; sourceTree = "<group>"; };
		648270F2195286FF005B057C /* RegistEmailViewControllerTM.m */ = {isa = PBXFileReference; fileEncoding = 4; lastKnownFileType = sourcecode.c.objc; name = RegistEmailViewControllerTM.m; path = iphoneview/RegistEmailViewControllerTM.m; sourceTree = "<group>"; };
		648270F3195286FF005B057C /* RegistEmailViewControllerTM.xib */ = {isa = PBXFileReference; fileEncoding = 4; lastKnownFileType = file.xib; name = RegistEmailViewControllerTM.xib; path = iphoneview/RegistEmailViewControllerTM.xib; sourceTree = "<group>"; };
		648270F719528888005B057C /* ChangPasswordViewController.h */ = {isa = PBXFileReference; fileEncoding = 4; lastKnownFileType = sourcecode.c.h; name = ChangPasswordViewController.h; path = iphoneview/ChangPasswordViewController.h; sourceTree = "<group>"; };
		648270F819528888005B057C /* ChangPasswordViewController.m */ = {isa = PBXFileReference; fileEncoding = 4; lastKnownFileType = sourcecode.c.objc; name = ChangPasswordViewController.m; path = iphoneview/ChangPasswordViewController.m; sourceTree = "<group>"; };
		648270F919528888005B057C /* ChangPasswordViewController.xib */ = {isa = PBXFileReference; fileEncoding = 4; lastKnownFileType = file.xib; name = ChangPasswordViewController.xib; path = iphoneview/ChangPasswordViewController.xib; sourceTree = "<group>"; };
		64AED9C0195135F200C8E651 /* CopyConnection.framework */ = {isa = PBXFileReference; lastKnownFileType = wrapper.framework; path = CopyConnection.framework; sourceTree = "<group>"; };
		64AED9C1195135F200C8E651 /* DouBanConnection.framework */ = {isa = PBXFileReference; lastKnownFileType = wrapper.framework; path = DouBanConnection.framework; sourceTree = "<group>"; };
		64AED9C2195135F200C8E651 /* DropboxConnection.framework */ = {isa = PBXFileReference; lastKnownFileType = wrapper.framework; path = DropboxConnection.framework; sourceTree = "<group>"; };
		64AED9C3195135F200C8E651 /* EverNoteConnection.framework */ = {isa = PBXFileReference; lastKnownFileType = wrapper.framework; path = EverNoteConnection.framework; sourceTree = "<group>"; };
		64AED9C4195135F200C8E651 /* FacebookConnection.framework */ = {isa = PBXFileReference; lastKnownFileType = wrapper.framework; path = FacebookConnection.framework; sourceTree = "<group>"; };
		64AED9C5195135F200C8E651 /* FlickrConnection.framework */ = {isa = PBXFileReference; lastKnownFileType = wrapper.framework; path = FlickrConnection.framework; sourceTree = "<group>"; };
		64AED9C6195135F200C8E651 /* GooglePlusConnection.framework */ = {isa = PBXFileReference; lastKnownFileType = wrapper.framework; path = GooglePlusConnection.framework; sourceTree = "<group>"; };
		64AED9C7195135F200C8E651 /* InstagramConnection.framework */ = {isa = PBXFileReference; lastKnownFileType = wrapper.framework; path = InstagramConnection.framework; sourceTree = "<group>"; };
		64AED9C8195135F200C8E651 /* InstapaperConnection.framework */ = {isa = PBXFileReference; lastKnownFileType = wrapper.framework; path = InstapaperConnection.framework; sourceTree = "<group>"; };
		64AED9C9195135F200C8E651 /* InstapaperResource.bundle */ = {isa = PBXFileReference; lastKnownFileType = "wrapper.plug-in"; path = InstapaperResource.bundle; sourceTree = "<group>"; };
		64AED9CA195135F200C8E651 /* KaiXinConnection.framework */ = {isa = PBXFileReference; lastKnownFileType = wrapper.framework; path = KaiXinConnection.framework; sourceTree = "<group>"; };
		64AED9CB195135F200C8E651 /* LinkedInConnection.framework */ = {isa = PBXFileReference; lastKnownFileType = wrapper.framework; path = LinkedInConnection.framework; sourceTree = "<group>"; };
		64AED9CC195135F200C8E651 /* MailConnection.framework */ = {isa = PBXFileReference; lastKnownFileType = wrapper.framework; path = MailConnection.framework; sourceTree = "<group>"; };
		64AED9CD195135F200C8E651 /* PinterestConnection.framework */ = {isa = PBXFileReference; lastKnownFileType = wrapper.framework; path = PinterestConnection.framework; sourceTree = "<group>"; };
		64AED9CE195135F200C8E651 /* PocketConnection.framework */ = {isa = PBXFileReference; lastKnownFileType = wrapper.framework; path = PocketConnection.framework; sourceTree = "<group>"; };
		64AED9CF195135F200C8E651 /* PrintConnection.framework */ = {isa = PBXFileReference; lastKnownFileType = wrapper.framework; path = PrintConnection.framework; sourceTree = "<group>"; };
		64AED9D0195135F200C8E651 /* QQConnection.framework */ = {isa = PBXFileReference; lastKnownFileType = wrapper.framework; path = QQConnection.framework; sourceTree = "<group>"; };
		64AED9D1195135F200C8E651 /* QZoneConnection.framework */ = {isa = PBXFileReference; lastKnownFileType = wrapper.framework; path = QZoneConnection.framework; sourceTree = "<group>"; };
		64AED9D2195135F200C8E651 /* RenRenConnection.framework */ = {isa = PBXFileReference; lastKnownFileType = wrapper.framework; path = RenRenConnection.framework; sourceTree = "<group>"; };
		64AED9D3195135F200C8E651 /* SinaWeiboConnection.framework */ = {isa = PBXFileReference; lastKnownFileType = wrapper.framework; path = SinaWeiboConnection.framework; sourceTree = "<group>"; };
		64AED9D4195135F200C8E651 /* SMSConnection.framework */ = {isa = PBXFileReference; lastKnownFileType = wrapper.framework; path = SMSConnection.framework; sourceTree = "<group>"; };
		64AED9D5195135F200C8E651 /* SohuConnection.framework */ = {isa = PBXFileReference; lastKnownFileType = wrapper.framework; path = SohuConnection.framework; sourceTree = "<group>"; };
		64AED9D6195135F200C8E651 /* SohuWeiboConnection.framework */ = {isa = PBXFileReference; lastKnownFileType = wrapper.framework; path = SohuWeiboConnection.framework; sourceTree = "<group>"; };
		64AED9D7195135F200C8E651 /* T163WeiboConnection.framework */ = {isa = PBXFileReference; lastKnownFileType = wrapper.framework; path = T163WeiboConnection.framework; sourceTree = "<group>"; };
		64AED9D8195135F200C8E651 /* TencentWeiboConnection.framework */ = {isa = PBXFileReference; lastKnownFileType = wrapper.framework; path = TencentWeiboConnection.framework; sourceTree = "<group>"; };
		64AED9D9195135F200C8E651 /* TumblrConnection.framework */ = {isa = PBXFileReference; lastKnownFileType = wrapper.framework; path = TumblrConnection.framework; sourceTree = "<group>"; };
		64AED9DA195135F200C8E651 /* TwitterConnection.framework */ = {isa = PBXFileReference; lastKnownFileType = wrapper.framework; path = TwitterConnection.framework; sourceTree = "<group>"; };
		64AED9DB195135F200C8E651 /* VKontakteConnection.framework */ = {isa = PBXFileReference; lastKnownFileType = wrapper.framework; path = VKontakteConnection.framework; sourceTree = "<group>"; };
		64AED9DC195135F200C8E651 /* WeChatConnection.framework */ = {isa = PBXFileReference; lastKnownFileType = wrapper.framework; path = WeChatConnection.framework; sourceTree = "<group>"; };
		64AED9DD195135F200C8E651 /* YiXinConnection.framework */ = {isa = PBXFileReference; lastKnownFileType = wrapper.framework; path = YiXinConnection.framework; sourceTree = "<group>"; };
		64AED9DE195135F200C8E651 /* YouDaoNoteConnection.framework */ = {isa = PBXFileReference; lastKnownFileType = wrapper.framework; path = YouDaoNoteConnection.framework; sourceTree = "<group>"; };
		64AED9E0195135F200C8E651 /* AGCommon.framework */ = {isa = PBXFileReference; lastKnownFileType = wrapper.framework; path = AGCommon.framework; sourceTree = "<group>"; };
		64AED9E2195135F200C8E651 /* en */ = {isa = PBXFileReference; lastKnownFileType = text.plist.strings; name = en; path = en.lproj/ShareSDKLocalizable.strings; sourceTree = "<group>"; };
		64AED9E3195135F200C8E651 /* Resource.bundle */ = {isa = PBXFileReference; lastKnownFileType = "wrapper.plug-in"; path = Resource.bundle; sourceTree = "<group>"; };
		64AED9E4195135F200C8E651 /* ShareSDKCoreService.framework */ = {isa = PBXFileReference; lastKnownFileType = wrapper.framework; path = ShareSDKCoreService.framework; sourceTree = "<group>"; };
		64AED9E5195135F200C8E651 /* zh-Hans */ = {isa = PBXFileReference; lastKnownFileType = text.plist.strings; name = "zh-Hans"; path = "zh-Hans.lproj/ShareSDKLocalizable.strings"; sourceTree = "<group>"; };
		64AED9E8195135F200C8E651 /* GoogleOpenSource.framework */ = {isa = PBXFileReference; lastKnownFileType = wrapper.framework; path = GoogleOpenSource.framework; sourceTree = "<group>"; };
		64AED9E9195135F200C8E651 /* GooglePlus.bundle */ = {isa = PBXFileReference; lastKnownFileType = "wrapper.plug-in"; path = GooglePlus.bundle; sourceTree = "<group>"; };
		64AED9EA195135F200C8E651 /* GooglePlus.framework */ = {isa = PBXFileReference; lastKnownFileType = wrapper.framework; path = GooglePlus.framework; sourceTree = "<group>"; };
		64AED9EC195135F200C8E651 /* Pinterest.framework */ = {isa = PBXFileReference; lastKnownFileType = wrapper.framework; path = Pinterest.framework; sourceTree = "<group>"; };
		64AED9EE195135F200C8E651 /* PinterestSDKResources.bundle */ = {isa = PBXFileReference; lastKnownFileType = "wrapper.plug-in"; path = PinterestSDKResources.bundle; sourceTree = "<group>"; };
		64AED9F0195135F200C8E651 /* TencentOpenAPI.framework */ = {isa = PBXFileReference; lastKnownFileType = wrapper.framework; path = TencentOpenAPI.framework; sourceTree = "<group>"; };
		64AED9F1195135F200C8E651 /* TencentOpenApi_IOS_Bundle.bundle */ = {isa = PBXFileReference; lastKnownFileType = "wrapper.plug-in"; path = TencentOpenApi_IOS_Bundle.bundle; sourceTree = "<group>"; };
		64AED9F3195135F200C8E651 /* RennSDK.bundle */ = {isa = PBXFileReference; lastKnownFileType = "wrapper.plug-in"; path = RennSDK.bundle; sourceTree = "<group>"; };
		64AED9F4195135F200C8E651 /* RennSDK.framework */ = {isa = PBXFileReference; lastKnownFileType = wrapper.framework; path = RennSDK.framework; sourceTree = "<group>"; };
		64AED9F6195135F200C8E651 /* libSinaWeiboSDK.a */ = {isa = PBXFileReference; lastKnownFileType = archive.ar; path = libSinaWeiboSDK.a; sourceTree = "<group>"; };
		64AED9F7195135F200C8E651 /* WeiboSDK.bundle */ = {isa = PBXFileReference; lastKnownFileType = "wrapper.plug-in"; path = WeiboSDK.bundle; sourceTree = "<group>"; };
		64AED9F8195135F200C8E651 /* WeiboSDK.h */ = {isa = PBXFileReference; fileEncoding = 4; lastKnownFileType = sourcecode.c.h; path = WeiboSDK.h; sourceTree = "<group>"; };
		64AED9FA195135F200C8E651 /* libTCWeiboSDK.a */ = {isa = PBXFileReference; lastKnownFileType = archive.ar; path = libTCWeiboSDK.a; sourceTree = "<group>"; };
		64AED9FB195135F200C8E651 /* WeiboApi.h */ = {isa = PBXFileReference; fileEncoding = 4; lastKnownFileType = sourcecode.c.h; path = WeiboApi.h; sourceTree = "<group>"; };
		64AED9FD195135F200C8E651 /* libWeChatSDK.a */ = {isa = PBXFileReference; lastKnownFileType = archive.ar; path = libWeChatSDK.a; sourceTree = "<group>"; };
		64AED9FE195135F200C8E651 /* WXApi.h */ = {isa = PBXFileReference; fileEncoding = 4; lastKnownFileType = sourcecode.c.h; path = WXApi.h; sourceTree = "<group>"; };
		64AED9FF195135F200C8E651 /* WXApiObject.h */ = {isa = PBXFileReference; fileEncoding = 4; lastKnownFileType = sourcecode.c.h; path = WXApiObject.h; sourceTree = "<group>"; };
		64AEDA01195135F200C8E651 /* libYixinSDK.a */ = {isa = PBXFileReference; lastKnownFileType = archive.ar; path = libYixinSDK.a; sourceTree = "<group>"; };
		64AEDA02195135F200C8E651 /* YXApi.h */ = {isa = PBXFileReference; fileEncoding = 4; lastKnownFileType = sourcecode.c.h; path = YXApi.h; sourceTree = "<group>"; };
		64AEDA03195135F200C8E651 /* YXApiObject.h */ = {isa = PBXFileReference; fileEncoding = 4; lastKnownFileType = sourcecode.c.h; path = YXApiObject.h; sourceTree = "<group>"; };
		64AEDA04195135F200C8E651 /* ShareSDK.framework */ = {isa = PBXFileReference; lastKnownFileType = wrapper.framework; path = ShareSDK.framework; sourceTree = "<group>"; };
		64AEDA06195135F200C8E651 /* ShareSDKFlatShareViewUI.bundle */ = {isa = PBXFileReference; lastKnownFileType = "wrapper.plug-in"; path = ShareSDKFlatShareViewUI.bundle; sourceTree = "<group>"; };
		64AEDA07195135F200C8E651 /* ShareSDKFlatShareViewUI.framework */ = {isa = PBXFileReference; lastKnownFileType = wrapper.framework; path = ShareSDKFlatShareViewUI.framework; sourceTree = "<group>"; };
		64AEDA08195135F200C8E651 /* ShareSDKiPadDefaultShareViewUI.bundle */ = {isa = PBXFileReference; lastKnownFileType = "wrapper.plug-in"; path = ShareSDKiPadDefaultShareViewUI.bundle; sourceTree = "<group>"; };
		64AEDA09195135F200C8E651 /* ShareSDKiPadDefaultShareViewUI.framework */ = {isa = PBXFileReference; lastKnownFileType = wrapper.framework; path = ShareSDKiPadDefaultShareViewUI.framework; sourceTree = "<group>"; };
		64AEDA0A195135F200C8E651 /* ShareSDKiPadSimpleShareViewUI.bundle */ = {isa = PBXFileReference; lastKnownFileType = "wrapper.plug-in"; path = ShareSDKiPadSimpleShareViewUI.bundle; sourceTree = "<group>"; };
		64AEDA0B195135F200C8E651 /* ShareSDKiPadSimpleShareViewUI.framework */ = {isa = PBXFileReference; lastKnownFileType = wrapper.framework; path = ShareSDKiPadSimpleShareViewUI.framework; sourceTree = "<group>"; };
		64AEDA0C195135F200C8E651 /* ShareSDKiPhoneAppRecommendShareViewUI.framework */ = {isa = PBXFileReference; lastKnownFileType = wrapper.framework; path = ShareSDKiPhoneAppRecommendShareViewUI.framework; sourceTree = "<group>"; };
		64AEDA0D195135F200C8E651 /* ShareSDKiPhoneDefaultShareViewUI.bundle */ = {isa = PBXFileReference; lastKnownFileType = "wrapper.plug-in"; path = ShareSDKiPhoneDefaultShareViewUI.bundle; sourceTree = "<group>"; };
		64AEDA0E195135F200C8E651 /* ShareSDKiPhoneDefaultShareViewUI.framework */ = {isa = PBXFileReference; lastKnownFileType = wrapper.framework; path = ShareSDKiPhoneDefaultShareViewUI.framework; sourceTree = "<group>"; };
		64AEDA0F195135F200C8E651 /* ShareSDKiPhoneSimpleShareViewUI.bundle */ = {isa = PBXFileReference; lastKnownFileType = "wrapper.plug-in"; path = ShareSDKiPhoneSimpleShareViewUI.bundle; sourceTree = "<group>"; };
		64AEDA10195135F200C8E651 /* ShareSDKiPhoneSimpleShareViewUI.framework */ = {isa = PBXFileReference; lastKnownFileType = wrapper.framework; path = ShareSDKiPhoneSimpleShareViewUI.framework; sourceTree = "<group>"; };
		64AEDA11195135F200C8E651 /* ShareSDKShareActionSheet.framework */ = {isa = PBXFileReference; lastKnownFileType = wrapper.framework; path = ShareSDKShareActionSheet.framework; sourceTree = "<group>"; };
		64AEDA501951368300C8E651 /* SystemConfiguration.framework */ = {isa = PBXFileReference; lastKnownFileType = wrapper.framework; name = SystemConfiguration.framework; path = System/Library/Frameworks/SystemConfiguration.framework; sourceTree = SDKROOT; };
		64AEDA521951368E00C8E651 /* QuartzCore.framework */ = {isa = PBXFileReference; lastKnownFileType = wrapper.framework; name = QuartzCore.framework; path = System/Library/Frameworks/QuartzCore.framework; sourceTree = SDKROOT; };
		64AEDA541951369F00C8E651 /* CoreTelephony.framework */ = {isa = PBXFileReference; lastKnownFileType = wrapper.framework; name = CoreTelephony.framework; path = System/Library/Frameworks/CoreTelephony.framework; sourceTree = SDKROOT; };
		64AEDA56195136C800C8E651 /* libicucore.dylib */ = {isa = PBXFileReference; lastKnownFileType = "compiled.mach-o.dylib"; name = libicucore.dylib; path = usr/lib/libicucore.dylib; sourceTree = SDKROOT; };
		64AEDA58195136D000C8E651 /* libz.1.2.5.dylib */ = {isa = PBXFileReference; lastKnownFileType = "compiled.mach-o.dylib"; name = libz.1.2.5.dylib; path = usr/lib/libz.1.2.5.dylib; sourceTree = SDKROOT; };
		64AEDA5A195136DB00C8E651 /* Security.framework */ = {isa = PBXFileReference; lastKnownFileType = wrapper.framework; name = Security.framework; path = System/Library/Frameworks/Security.framework; sourceTree = SDKROOT; };
		64AEDA5C195136E800C8E651 /* libstdc++.dylib */ = {isa = PBXFileReference; lastKnownFileType = "compiled.mach-o.dylib"; name = "libstdc++.dylib"; path = "usr/lib/libstdc++.dylib"; sourceTree = SDKROOT; };
		64AEDA5E195136FB00C8E651 /* libsqlite3.dylib */ = {isa = PBXFileReference; lastKnownFileType = "compiled.mach-o.dylib"; name = libsqlite3.dylib; path = usr/lib/libsqlite3.dylib; sourceTree = SDKROOT; };
		64AEDA601951370700C8E651 /* CoreMotion.framework */ = {isa = PBXFileReference; lastKnownFileType = wrapper.framework; name = CoreMotion.framework; path = System/Library/Frameworks/CoreMotion.framework; sourceTree = SDKROOT; };
		64AEDA621951371400C8E651 /* CoreLocation.framework */ = {isa = PBXFileReference; lastKnownFileType = wrapper.framework; name = CoreLocation.framework; path = System/Library/Frameworks/CoreLocation.framework; sourceTree = SDKROOT; };
		64AEDA641951372500C8E651 /* MediaPlayer.framework */ = {isa = PBXFileReference; lastKnownFileType = wrapper.framework; name = MediaPlayer.framework; path = System/Library/Frameworks/MediaPlayer.framework; sourceTree = SDKROOT; };
		64AEDA661951373E00C8E651 /* CoreText.framework */ = {isa = PBXFileReference; lastKnownFileType = wrapper.framework; name = CoreText.framework; path = System/Library/Frameworks/CoreText.framework; sourceTree = SDKROOT; };
		64AEDA681951374B00C8E651 /* AssetsLibrary.framework */ = {isa = PBXFileReference; lastKnownFileType = wrapper.framework; name = AssetsLibrary.framework; path = System/Library/Frameworks/AssetsLibrary.framework; sourceTree = SDKROOT; };
		64AEDA6A1951375000C8E651 /* AddressBook.framework */ = {isa = PBXFileReference; lastKnownFileType = wrapper.framework; name = AddressBook.framework; path = System/Library/Frameworks/AddressBook.framework; sourceTree = SDKROOT; };
		64AEDA6C1951375800C8E651 /* MessageUI.framework */ = {isa = PBXFileReference; lastKnownFileType = wrapper.framework; name = MessageUI.framework; path = System/Library/Frameworks/MessageUI.framework; sourceTree = SDKROOT; };
		64AF25EA194991FE009572E5 /* AppsTableViewCell.h */ = {isa = PBXFileReference; fileEncoding = 4; lastKnownFileType = sourcecode.c.h; name = AppsTableViewCell.h; path = iphoneview/AppsTableViewCell.h; sourceTree = "<group>"; };
		64AF25EB194991FE009572E5 /* AppsTableViewCell.m */ = {isa = PBXFileReference; fileEncoding = 4; lastKnownFileType = sourcecode.c.objc; name = AppsTableViewCell.m; path = iphoneview/AppsTableViewCell.m; sourceTree = "<group>"; };
		64AF25EC194991FE009572E5 /* AppsTableViewCell.xib */ = {isa = PBXFileReference; fileEncoding = 4; lastKnownFileType = file.xib; name = AppsTableViewCell.xib; path = iphoneview/AppsTableViewCell.xib; sourceTree = "<group>"; };
		64AF25F01949A182009572E5 /* DataParseTool.h */ = {isa = PBXFileReference; fileEncoding = 4; lastKnownFileType = sourcecode.c.h; name = DataParseTool.h; path = myclass/DataParseTool.h; sourceTree = "<group>"; };
		64AF25F11949A182009572E5 /* DataParseTool.m */ = {isa = PBXFileReference; fileEncoding = 4; lastKnownFileType = sourcecode.c.objc; name = DataParseTool.m; path = myclass/DataParseTool.m; sourceTree = "<group>"; };
		64AF25F21949A182009572E5 /* EoceneServerConnect.h */ = {isa = PBXFileReference; fileEncoding = 4; lastKnownFileType = sourcecode.c.h; name = EoceneServerConnect.h; path = myclass/EoceneServerConnect.h; sourceTree = "<group>"; };
		64AF25F31949A182009572E5 /* EoceneServerConnect.m */ = {isa = PBXFileReference; fileEncoding = 4; lastKnownFileType = sourcecode.c.objc; name = EoceneServerConnect.m; path = myclass/EoceneServerConnect.m; sourceTree = "<group>"; };
		64AF25F41949A182009572E5 /* MySingleton.h */ = {isa = PBXFileReference; fileEncoding = 4; lastKnownFileType = sourcecode.c.h; name = MySingleton.h; path = myclass/MySingleton.h; sourceTree = "<group>"; };
		64AF25F51949A182009572E5 /* MySingleton.m */ = {isa = PBXFileReference; fileEncoding = 4; lastKnownFileType = sourcecode.c.objc; name = MySingleton.m; path = myclass/MySingleton.m; sourceTree = "<group>"; };
		64AF25F61949A182009572E5 /* Regex.h */ = {isa = PBXFileReference; fileEncoding = 4; lastKnownFileType = sourcecode.c.h; name = Regex.h; path = myclass/Regex.h; sourceTree = "<group>"; };
		64AF25F71949A182009572E5 /* Regex.m */ = {isa = PBXFileReference; fileEncoding = 4; lastKnownFileType = sourcecode.c.objc; name = Regex.m; path = myclass/Regex.m; sourceTree = "<group>"; };
		64AF25F81949A182009572E5 /* ServerConnect.h */ = {isa = PBXFileReference; fileEncoding = 4; lastKnownFileType = sourcecode.c.h; name = ServerConnect.h; path = myclass/ServerConnect.h; sourceTree = "<group>"; };
		64AF25F91949A182009572E5 /* ServerConnect.m */ = {isa = PBXFileReference; fileEncoding = 4; lastKnownFileType = sourcecode.c.objc; name = ServerConnect.m; path = myclass/ServerConnect.m; sourceTree = "<group>"; };
		64AF25FA1949A182009572E5 /* WQPlaySound.h */ = {isa = PBXFileReference; fileEncoding = 4; lastKnownFileType = sourcecode.c.h; name = WQPlaySound.h; path = myclass/WQPlaySound.h; sourceTree = "<group>"; };
		64AF25FB1949A182009572E5 /* WQPlaySound.m */ = {isa = PBXFileReference; fileEncoding = 4; lastKnownFileType = sourcecode.c.objc; name = WQPlaySound.m; path = myclass/WQPlaySound.m; sourceTree = "<group>"; };
		64AF25FC1949A182009572E5 /* XmlTool.h */ = {isa = PBXFileReference; fileEncoding = 4; lastKnownFileType = sourcecode.c.h; name = XmlTool.h; path = myclass/XmlTool.h; sourceTree = "<group>"; };
		64AF25FD1949A182009572E5 /* XmlTool.m */ = {isa = PBXFileReference; fileEncoding = 4; lastKnownFileType = sourcecode.c.objc; name = XmlTool.m; path = myclass/XmlTool.m; sourceTree = "<group>"; };
		64AF2605194AEFD7009572E5 /* GoodsTableViewCell.h */ = {isa = PBXFileReference; fileEncoding = 4; lastKnownFileType = sourcecode.c.h; name = GoodsTableViewCell.h; path = iphoneview/GoodsTableViewCell.h; sourceTree = "<group>"; };
		64AF2606194AEFD7009572E5 /* GoodsTableViewCell.m */ = {isa = PBXFileReference; fileEncoding = 4; lastKnownFileType = sourcecode.c.objc; name = GoodsTableViewCell.m; path = iphoneview/GoodsTableViewCell.m; sourceTree = "<group>"; };
		64AF2607194AEFD7009572E5 /* GoodsTableViewCell.xib */ = {isa = PBXFileReference; fileEncoding = 4; lastKnownFileType = file.xib; name = GoodsTableViewCell.xib; path = iphoneview/GoodsTableViewCell.xib; sourceTree = "<group>"; };
		64B0768A19581A5400AE9887 /* CheckCodeViewController.h */ = {isa = PBXFileReference; fileEncoding = 4; lastKnownFileType = sourcecode.c.h; name = CheckCodeViewController.h; path = iphoneview/CheckCodeViewController.h; sourceTree = "<group>"; };
		64B0768B19581A5400AE9887 /* CheckCodeViewController.m */ = {isa = PBXFileReference; fileEncoding = 4; lastKnownFileType = sourcecode.c.objc; name = CheckCodeViewController.m; path = iphoneview/CheckCodeViewController.m; sourceTree = "<group>"; };
		64B0768C19581A5400AE9887 /* CheckCodeViewController.xib */ = {isa = PBXFileReference; fileEncoding = 4; lastKnownFileType = file.xib; name = CheckCodeViewController.xib; path = iphoneview/CheckCodeViewController.xib; sourceTree = "<group>"; };
		64B0768D19581A5400AE9887 /* NewPasswordViewController.h */ = {isa = PBXFileReference; fileEncoding = 4; lastKnownFileType = sourcecode.c.h; name = NewPasswordViewController.h; path = iphoneview/NewPasswordViewController.h; sourceTree = "<group>"; };
		64B0768E19581A5400AE9887 /* NewPasswordViewController.m */ = {isa = PBXFileReference; fileEncoding = 4; lastKnownFileType = sourcecode.c.objc; name = NewPasswordViewController.m; path = iphoneview/NewPasswordViewController.m; sourceTree = "<group>"; };
		64B0768F19581A5400AE9887 /* NewPasswordViewController.xib */ = {isa = PBXFileReference; fileEncoding = 4; lastKnownFileType = file.xib; name = NewPasswordViewController.xib; path = iphoneview/NewPasswordViewController.xib; sourceTree = "<group>"; };
		64B07694195827C000AE9887 /* MyAttentionViewController.h */ = {isa = PBXFileReference; fileEncoding = 4; lastKnownFileType = sourcecode.c.h; name = MyAttentionViewController.h; path = iphoneview/MyAttentionViewController.h; sourceTree = "<group>"; };
		64B07695195827C000AE9887 /* MyAttentionViewController.m */ = {isa = PBXFileReference; fileEncoding = 4; lastKnownFileType = sourcecode.c.objc; name = MyAttentionViewController.m; path = iphoneview/MyAttentionViewController.m; sourceTree = "<group>"; };
		64B07696195827C000AE9887 /* MyAttentionViewController.xib */ = {isa = PBXFileReference; fileEncoding = 4; lastKnownFileType = file.xib; name = MyAttentionViewController.xib; path = iphoneview/MyAttentionViewController.xib; sourceTree = "<group>"; };
		64B29C701948097300AC5FAB /* zh-Hans */ = {isa = PBXFileReference; lastKnownFileType = text.plist.strings; name = "zh-Hans"; path = "zh-Hans.lproj/InfoPlist.strings"; sourceTree = "<group>"; };
		64B29C711948217600AC5FAB /* AppsViewController.h */ = {isa = PBXFileReference; fileEncoding = 4; lastKnownFileType = sourcecode.c.h; name = AppsViewController.h; path = iphoneview/AppsViewController.h; sourceTree = "<group>"; };
		64B29C721948217600AC5FAB /* AppsViewController.m */ = {isa = PBXFileReference; fileEncoding = 4; lastKnownFileType = sourcecode.c.objc; name = AppsViewController.m; path = iphoneview/AppsViewController.m; sourceTree = "<group>"; };
		64B29C731948217600AC5FAB /* AppsViewController.xib */ = {isa = PBXFileReference; fileEncoding = 4; lastKnownFileType = file.xib; name = AppsViewController.xib; path = iphoneview/AppsViewController.xib; sourceTree = "<group>"; };
		64B29C761948223500AC5FAB /* GoodsViewController.h */ = {isa = PBXFileReference; fileEncoding = 4; lastKnownFileType = sourcecode.c.h; name = GoodsViewController.h; path = iphoneview/GoodsViewController.h; sourceTree = "<group>"; };
		64B29C771948223500AC5FAB /* GoodsViewController.m */ = {isa = PBXFileReference; fileEncoding = 4; lastKnownFileType = sourcecode.c.objc; name = GoodsViewController.m; path = iphoneview/GoodsViewController.m; sourceTree = "<group>"; };
		64B29C781948223500AC5FAB /* GoodsViewController.xib */ = {isa = PBXFileReference; fileEncoding = 4; lastKnownFileType = file.xib; name = GoodsViewController.xib; path = iphoneview/GoodsViewController.xib; sourceTree = "<group>"; };
		64BB160119469F8D00E5CE82 /* LoginViewController.h */ = {isa = PBXFileReference; fileEncoding = 4; lastKnownFileType = sourcecode.c.h; name = LoginViewController.h; path = iphoneview/LoginViewController.h; sourceTree = "<group>"; };
		64BB160219469F8D00E5CE82 /* LoginViewController.m */ = {isa = PBXFileReference; fileEncoding = 4; lastKnownFileType = sourcecode.c.objc; name = LoginViewController.m; path = iphoneview/LoginViewController.m; sourceTree = "<group>"; };
		64BB160319469F8D00E5CE82 /* LoginViewController.xib */ = {isa = PBXFileReference; fileEncoding = 4; lastKnownFileType = file.xib; name = LoginViewController.xib; path = iphoneview/LoginViewController.xib; sourceTree = "<group>"; };
		64BB16061946A00100E5CE82 /* SearchViewController.h */ = {isa = PBXFileReference; fileEncoding = 4; lastKnownFileType = sourcecode.c.h; name = SearchViewController.h; path = iphoneview/SearchViewController.h; sourceTree = "<group>"; };
		64BB16071946A00100E5CE82 /* SearchViewController.m */ = {isa = PBXFileReference; fileEncoding = 4; lastKnownFileType = sourcecode.c.objc; name = SearchViewController.m; path = iphoneview/SearchViewController.m; sourceTree = "<group>"; };
		64BB16081946A00100E5CE82 /* SearchViewController.xib */ = {isa = PBXFileReference; fileEncoding = 4; lastKnownFileType = file.xib; name = SearchViewController.xib; path = iphoneview/SearchViewController.xib; sourceTree = "<group>"; };
		64BB160B1946A01800E5CE82 /* UserViewController.h */ = {isa = PBXFileReference; fileEncoding = 4; lastKnownFileType = sourcecode.c.h; name = UserViewController.h; path = iphoneview/UserViewController.h; sourceTree = "<group>"; };
		64BB160C1946A01800E5CE82 /* UserViewController.m */ = {isa = PBXFileReference; fileEncoding = 4; lastKnownFileType = sourcecode.c.objc; name = UserViewController.m; path = iphoneview/UserViewController.m; sourceTree = "<group>"; };
		64BB160D1946A01800E5CE82 /* UserViewController.xib */ = {isa = PBXFileReference; fileEncoding = 4; lastKnownFileType = file.xib; name = UserViewController.xib; path = iphoneview/UserViewController.xib; sourceTree = "<group>"; };
		64BB16101946A07400E5CE82 /* PostViewController.h */ = {isa = PBXFileReference; fileEncoding = 4; lastKnownFileType = sourcecode.c.h; name = PostViewController.h; path = iphoneview/PostViewController.h; sourceTree = "<group>"; };
		64BB16111946A07400E5CE82 /* PostViewController.m */ = {isa = PBXFileReference; fileEncoding = 4; lastKnownFileType = sourcecode.c.objc; name = PostViewController.m; path = iphoneview/PostViewController.m; sourceTree = "<group>"; };
		64BB16121946A07400E5CE82 /* PostViewController.xib */ = {isa = PBXFileReference; fileEncoding = 4; lastKnownFileType = file.xib; name = PostViewController.xib; path = iphoneview/PostViewController.xib; sourceTree = "<group>"; };
		64BB161A1946AEED00E5CE82 /* en */ = {isa = PBXFileReference; lastKnownFileType = text.plist.strings; name = en; path = en.lproj/Localizable.strings; sourceTree = "<group>"; };
		64BB161B1946AF2D00E5CE82 /* zh-Hans */ = {isa = PBXFileReference; lastKnownFileType = text.plist.strings; name = "zh-Hans"; path = "zh-Hans.lproj/Localizable.strings"; sourceTree = "<group>"; };
		64CFFD49195426F900618433 /* GoodsDetailedTableViewCell.h */ = {isa = PBXFileReference; fileEncoding = 4; lastKnownFileType = sourcecode.c.h; name = GoodsDetailedTableViewCell.h; path = iphoneview/GoodsDetailedTableViewCell.h; sourceTree = "<group>"; };
		64CFFD4A195426F900618433 /* GoodsDetailedTableViewCell.m */ = {isa = PBXFileReference; fileEncoding = 4; lastKnownFileType = sourcecode.c.objc; name = GoodsDetailedTableViewCell.m; path = iphoneview/GoodsDetailedTableViewCell.m; sourceTree = "<group>"; };
		64CFFD4B195426F900618433 /* GoodsDetailedTableViewCell.xib */ = {isa = PBXFileReference; fileEncoding = 4; lastKnownFileType = file.xib; name = GoodsDetailedTableViewCell.xib; path = iphoneview/GoodsDetailedTableViewCell.xib; sourceTree = "<group>"; };
/* End PBXFileReference section */

/* Begin PBXFrameworksBuildPhase section */
		645132871945A2B3002A0B1B /* Frameworks */ = {
			isa = PBXFrameworksBuildPhase;
			buildActionMask = 2147483647;
			files = (
				64AEDA5F195136FB00C8E651 /* libsqlite3.dylib in Frameworks */,
				64AEDA5D195136E800C8E651 /* libstdc++.dylib in Frameworks */,
				64AEDA59195136D000C8E651 /* libz.1.2.5.dylib in Frameworks */,
				64AEDA6D1951375800C8E651 /* MessageUI.framework in Frameworks */,
				64AEDA6B1951375100C8E651 /* AddressBook.framework in Frameworks */,
				64AEDA691951374B00C8E651 /* AssetsLibrary.framework in Frameworks */,
				64AEDA671951373E00C8E651 /* CoreText.framework in Frameworks */,
				64AEDA651951372500C8E651 /* MediaPlayer.framework in Frameworks */,
				64AEDA631951371400C8E651 /* CoreLocation.framework in Frameworks */,
				64AEDA611951370700C8E651 /* CoreMotion.framework in Frameworks */,
				64AEDA5B195136DB00C8E651 /* Security.framework in Frameworks */,
				64AEDA57195136C800C8E651 /* libicucore.dylib in Frameworks */,
				64AEDA551951369F00C8E651 /* CoreTelephony.framework in Frameworks */,
				64AEDA531951368E00C8E651 /* QuartzCore.framework in Frameworks */,
				64AEDA511951368300C8E651 /* SystemConfiguration.framework in Frameworks */,
				64AEDA40195135F300C8E651 /* libTCWeiboSDK.a in Frameworks */,
				64AEDA1E195135F300C8E651 /* MailConnection.framework in Frameworks */,
				64AEDA17195135F200C8E651 /* FlickrConnection.framework in Frameworks */,
				64AEDA1A195135F200C8E651 /* InstapaperConnection.framework in Frameworks */,
				64AEDA15195135F200C8E651 /* EverNoteConnection.framework in Frameworks */,
				64AEDA4A195135F300C8E651 /* ShareSDKiPhoneAppRecommendShareViewUI.framework in Frameworks */,
				64AEDA3A195135F300C8E651 /* TencentOpenAPI.framework in Frameworks */,
				64AEDA4E195135F300C8E651 /* ShareSDKiPhoneSimpleShareViewUI.framework in Frameworks */,
				64AEDA2E195135F300C8E651 /* WeChatConnection.framework in Frameworks */,
				64AEDA22195135F300C8E651 /* QQConnection.framework in Frameworks */,
				645132901945A2B3002A0B1B /* CoreGraphics.framework in Frameworks */,
				64AEDA2C195135F300C8E651 /* TwitterConnection.framework in Frameworks */,
				64AEDA42195135F300C8E651 /* libYixinSDK.a in Frameworks */,
				64AEDA3E195135F300C8E651 /* libSinaWeiboSDK.a in Frameworks */,
				64AEDA1D195135F200C8E651 /* LinkedInConnection.framework in Frameworks */,
				64AEDA31195135F300C8E651 /* AGCommon.framework in Frameworks */,
				64AEDA21195135F300C8E651 /* PrintConnection.framework in Frameworks */,
				64AEDA18195135F200C8E651 /* GooglePlusConnection.framework in Frameworks */,
				64AEDA29195135F300C8E651 /* T163WeiboConnection.framework in Frameworks */,
				64AEDA20195135F300C8E651 /* PocketConnection.framework in Frameworks */,
				64AEDA2D195135F300C8E651 /* VKontakteConnection.framework in Frameworks */,
				64AEDA34195135F300C8E651 /* ShareSDKCoreService.framework in Frameworks */,
				64AEDA47195135F300C8E651 /* ShareSDKiPadDefaultShareViewUI.framework in Frameworks */,
				64AEDA1F195135F300C8E651 /* PinterestConnection.framework in Frameworks */,
				64AEDA3D195135F300C8E651 /* RennSDK.framework in Frameworks */,
				64AEDA2B195135F300C8E651 /* TumblrConnection.framework in Frameworks */,
				64AEDA4C195135F300C8E651 /* ShareSDKiPhoneDefaultShareViewUI.framework in Frameworks */,
				64AEDA45195135F300C8E651 /* ShareSDKFlatShareViewUI.framework in Frameworks */,
				64AEDA2A195135F300C8E651 /* TencentWeiboConnection.framework in Frameworks */,
				64AEDA4F195135F300C8E651 /* ShareSDKShareActionSheet.framework in Frameworks */,
				64AEDA43195135F300C8E651 /* ShareSDK.framework in Frameworks */,
				64AEDA16195135F200C8E651 /* FacebookConnection.framework in Frameworks */,
				64AEDA41195135F300C8E651 /* libWeChatSDK.a in Frameworks */,
				64AEDA13195135F200C8E651 /* DouBanConnection.framework in Frameworks */,
				64AEDA38195135F300C8E651 /* Pinterest.framework in Frameworks */,
				64AEDA1C195135F200C8E651 /* KaiXinConnection.framework in Frameworks */,
				64AEDA23195135F300C8E651 /* QZoneConnection.framework in Frameworks */,
				645132921945A2B3002A0B1B /* UIKit.framework in Frameworks */,
				64AEDA2F195135F300C8E651 /* YiXinConnection.framework in Frameworks */,
				64AEDA25195135F300C8E651 /* SinaWeiboConnection.framework in Frameworks */,
				64AEDA26195135F300C8E651 /* SMSConnection.framework in Frameworks */,
				64AEDA24195135F300C8E651 /* RenRenConnection.framework in Frameworks */,
				64AEDA27195135F300C8E651 /* SohuConnection.framework in Frameworks */,
				64AEDA37195135F300C8E651 /* GooglePlus.framework in Frameworks */,
				64AEDA14195135F200C8E651 /* DropboxConnection.framework in Frameworks */,
				6451328E1945A2B3002A0B1B /* Foundation.framework in Frameworks */,
				64AEDA12195135F200C8E651 /* CopyConnection.framework in Frameworks */,
				64AEDA30195135F300C8E651 /* YouDaoNoteConnection.framework in Frameworks */,
				64AEDA49195135F300C8E651 /* ShareSDKiPadSimpleShareViewUI.framework in Frameworks */,
				64AEDA28195135F300C8E651 /* SohuWeiboConnection.framework in Frameworks */,
				64AEDA35195135F300C8E651 /* GoogleOpenSource.framework in Frameworks */,
				64AEDA19195135F200C8E651 /* InstagramConnection.framework in Frameworks */,
			);
			runOnlyForDeploymentPostprocessing = 0;
		};
		645132A81945A2B4002A0B1B /* Frameworks */ = {
			isa = PBXFrameworksBuildPhase;
			buildActionMask = 2147483647;
			files = (
				645132AD1945A2B4002A0B1B /* XCTest.framework in Frameworks */,
				645132AF1945A2B4002A0B1B /* UIKit.framework in Frameworks */,
				645132AE1945A2B4002A0B1B /* Foundation.framework in Frameworks */,
			);
			runOnlyForDeploymentPostprocessing = 0;
		};
/* End PBXFrameworksBuildPhase section */

/* Begin PBXGroup section */
		645132811945A2B3002A0B1B = {
			isa = PBXGroup;
			children = (
				64AED9BE195135F200C8E651 /* ShareSDK */,
				645132931945A2B3002A0B1B /* Market */,
				645132B21945A2B4002A0B1B /* MarketTests */,
				6451328C1945A2B3002A0B1B /* Frameworks */,
				6451328B1945A2B3002A0B1B /* Products */,
			);
			sourceTree = "<group>";
		};
		6451328B1945A2B3002A0B1B /* Products */ = {
			isa = PBXGroup;
			children = (
				6451328A1945A2B3002A0B1B /* Market.app */,
				645132AB1945A2B4002A0B1B /* MarketTests.xctest */,
			);
			name = Products;
			sourceTree = "<group>";
		};
		6451328C1945A2B3002A0B1B /* Frameworks */ = {
			isa = PBXGroup;
			children = (
				64AEDA6C1951375800C8E651 /* MessageUI.framework */,
				64AEDA6A1951375000C8E651 /* AddressBook.framework */,
				64AEDA681951374B00C8E651 /* AssetsLibrary.framework */,
				64AEDA661951373E00C8E651 /* CoreText.framework */,
				64AEDA641951372500C8E651 /* MediaPlayer.framework */,
				64AEDA621951371400C8E651 /* CoreLocation.framework */,
				64AEDA601951370700C8E651 /* CoreMotion.framework */,
				64AEDA5E195136FB00C8E651 /* libsqlite3.dylib */,
				64AEDA5C195136E800C8E651 /* libstdc++.dylib */,
				64AEDA5A195136DB00C8E651 /* Security.framework */,
				64AEDA58195136D000C8E651 /* libz.1.2.5.dylib */,
				64AEDA56195136C800C8E651 /* libicucore.dylib */,
				64AEDA541951369F00C8E651 /* CoreTelephony.framework */,
				64AEDA521951368E00C8E651 /* QuartzCore.framework */,
				64AEDA501951368300C8E651 /* SystemConfiguration.framework */,
				6451328D1945A2B3002A0B1B /* Foundation.framework */,
				6451328F1945A2B3002A0B1B /* CoreGraphics.framework */,
				645132911945A2B3002A0B1B /* UIKit.framework */,
				645132AC1945A2B4002A0B1B /* XCTest.framework */,
			);
			name = Frameworks;
			sourceTree = "<group>";
		};
		645132931945A2B3002A0B1B /* Market */ = {
			isa = PBXGroup;
			children = (
				64588CDA194FD756008C9561 /* valueprotocol */,
				64588CC4194EDDE7008C9561 /* uiplugin */,
				64AF25EF1949A170009572E5 /* myclass */,
				645132C81945A6F9002A0B1B /* iphoneview */,
				6451329C1945A2B3002A0B1B /* AppDelegate.h */,
				6451329D1945A2B3002A0B1B /* AppDelegate.m */,
				6451329F1945A2B3002A0B1B /* Main.storyboard */,
				645132A21945A2B3002A0B1B /* ViewController.h */,
				645132A31945A2B3002A0B1B /* ViewController.m */,
				645132A51945A2B3002A0B1B /* Images.xcassets */,
				645132941945A2B3002A0B1B /* Supporting Files */,
			);
			path = Market;
			sourceTree = "<group>";
		};
		645132941945A2B3002A0B1B /* Supporting Files */ = {
			isa = PBXGroup;
			children = (
				645132951945A2B3002A0B1B /* Market-Info.plist */,
				645132961945A2B3002A0B1B /* InfoPlist.strings */,
				645132991945A2B3002A0B1B /* main.m */,
				6451329B1945A2B3002A0B1B /* Market-Prefix.pch */,
				64BB16191946AEE400E5CE82 /* Localizable.strings */,
			);
			name = "Supporting Files";
			sourceTree = "<group>";
		};
		645132B21945A2B4002A0B1B /* MarketTests */ = {
			isa = PBXGroup;
			children = (
				645132B81945A2B4002A0B1B /* MarketTests.m */,
				645132B31945A2B4002A0B1B /* Supporting Files */,
			);
			path = MarketTests;
			sourceTree = "<group>";
		};
		645132B31945A2B4002A0B1B /* Supporting Files */ = {
			isa = PBXGroup;
			children = (
				645132B41945A2B4002A0B1B /* MarketTests-Info.plist */,
				645132B51945A2B4002A0B1B /* InfoPlist.strings */,
			);
			name = "Supporting Files";
			sourceTree = "<group>";
		};
		645132C81945A6F9002A0B1B /* iphoneview */ = {
			isa = PBXGroup;
			children = (
				64B0768A19581A5400AE9887 /* CheckCodeViewController.h */,
				64B0768B19581A5400AE9887 /* CheckCodeViewController.m */,
				64B0768C19581A5400AE9887 /* CheckCodeViewController.xib */,
				64B0768D19581A5400AE9887 /* NewPasswordViewController.h */,
				64B0768E19581A5400AE9887 /* NewPasswordViewController.m */,
				64B0768F19581A5400AE9887 /* NewPasswordViewController.xib */,
				648270F719528888005B057C /* ChangPasswordViewController.h */,
				648270F819528888005B057C /* ChangPasswordViewController.m */,
				648270F919528888005B057C /* ChangPasswordViewController.xib */,
				648270F0195286FF005B057C /* RegistEmailViewControllerTM_4Inch.xib */,
				648270F1195286FF005B057C /* RegistEmailViewControllerTM.h */,
				648270F2195286FF005B057C /* RegistEmailViewControllerTM.m */,
				648270F3195286FF005B057C /* RegistEmailViewControllerTM.xib */,
				648270E2195284DF005B057C /* LoginViewControllerTM_4Inch.xib */,
				648270E3195284DF005B057C /* LoginViewControllerTM.h */,
				648270E4195284DF005B057C /* LoginViewControllerTM.m */,
				648270E5195284DF005B057C /* LoginViewControllerTM.xib */,
				64BB160119469F8D00E5CE82 /* LoginViewController.h */,
				64BB160219469F8D00E5CE82 /* LoginViewController.m */,
				64BB160319469F8D00E5CE82 /* LoginViewController.xib */,
				645132C21945A6DE002A0B1B /* MainViewController.h */,
				645132C31945A6DE002A0B1B /* MainViewController.m */,
				645132C41945A6DE002A0B1B /* MainViewController.xib */,
				645132C91945A9B4002A0B1B /* MainViewController_4Inch.xib */,
				64BB16061946A00100E5CE82 /* SearchViewController.h */,
				64BB16071946A00100E5CE82 /* SearchViewController.m */,
				64BB16081946A00100E5CE82 /* SearchViewController.xib */,
				64BB160B1946A01800E5CE82 /* UserViewController.h */,
				64BB160C1946A01800E5CE82 /* UserViewController.m */,
				64BB160D1946A01800E5CE82 /* UserViewController.xib */,
				64BB16101946A07400E5CE82 /* PostViewController.h */,
				64BB16111946A07400E5CE82 /* PostViewController.m */,
				64BB16121946A07400E5CE82 /* PostViewController.xib */,
				64B29C711948217600AC5FAB /* AppsViewController.h */,
				64B29C721948217600AC5FAB /* AppsViewController.m */,
				64B29C731948217600AC5FAB /* AppsViewController.xib */,
				64B29C761948223500AC5FAB /* GoodsViewController.h */,
				64B29C771948223500AC5FAB /* GoodsViewController.m */,
				64B29C781948223500AC5FAB /* GoodsViewController.xib */,
				64AF25EA194991FE009572E5 /* AppsTableViewCell.h */,
				64AF25EB194991FE009572E5 /* AppsTableViewCell.m */,
				64AF25EC194991FE009572E5 /* AppsTableViewCell.xib */,
				64AF2605194AEFD7009572E5 /* GoodsTableViewCell.h */,
				64AF2606194AEFD7009572E5 /* GoodsTableViewCell.m */,
				64AF2607194AEFD7009572E5 /* GoodsTableViewCell.xib */,
				64CFFD49195426F900618433 /* GoodsDetailedTableViewCell.h */,
				64CFFD4A195426F900618433 /* GoodsDetailedTableViewCell.m */,
				64CFFD4B195426F900618433 /* GoodsDetailedTableViewCell.xib */,
				64588CD3194EFBEC008C9561 /* ProductInfoViewController.h */,
				64588CD4194EFBEC008C9561 /* ProductInfoViewController.m */,
				64588CD5194EFBEC008C9561 /* ProductInfoViewController.xib */,
				64B07694195827C000AE9887 /* MyAttentionViewController.h */,
				64B07695195827C000AE9887 /* MyAttentionViewController.m */,
				64B07696195827C000AE9887 /* MyAttentionViewController.xib */,
			);
			name = iphoneview;
			sourceTree = "<group>";
		};
		64588CC4194EDDE7008C9561 /* uiplugin */ = {
			isa = PBXGroup;
			children = (
				64588CD2194EDE36008C9561 /* rc_uiplugin */,
				64588CCC194EDE24008C9561 /* SVProgressHUD */,
			);
			name = uiplugin;
			sourceTree = "<group>";
		};
		64588CCC194EDE24008C9561 /* SVProgressHUD */ = {
			isa = PBXGroup;
			children = (
				64588CCD194EDE24008C9561 /* SVProgressHUD.bundle */,
				64588CCE194EDE24008C9561 /* SVProgressHUD.h */,
				64588CCF194EDE24008C9561 /* SVProgressHUD.m */,
			);
			name = SVProgressHUD;
			path = uiplugin/SVProgressHUD;
			sourceTree = "<group>";
		};
		64588CD2194EDE36008C9561 /* rc_uiplugin */ = {
			isa = PBXGroup;
			children = (
			);
			name = rc_uiplugin;
			sourceTree = "<group>";
		};
		64588CDA194FD756008C9561 /* valueprotocol */ = {
			isa = PBXGroup;
			children = (
				64588CD8194FD6E1008C9561 /* UIViewPassValueDelegate.h */,
			);
			name = valueprotocol;
			sourceTree = "<group>";
		};
		64AED9BE195135F200C8E651 /* ShareSDK */ = {
			isa = PBXGroup;
			children = (
				64AED9BF195135F200C8E651 /* Connection */,
				64AED9DF195135F200C8E651 /* Core */,
				64AED9E6195135F200C8E651 /* Extend */,
				64AEDA04195135F200C8E651 /* ShareSDK.framework */,
				64AEDA05195135F200C8E651 /* UI */,
			);
			path = ShareSDK;
			sourceTree = "<group>";
		};
		64AED9BF195135F200C8E651 /* Connection */ = {
			isa = PBXGroup;
			children = (
				64AED9C0195135F200C8E651 /* CopyConnection.framework */,
				64AED9C1195135F200C8E651 /* DouBanConnection.framework */,
				64AED9C2195135F200C8E651 /* DropboxConnection.framework */,
				64AED9C3195135F200C8E651 /* EverNoteConnection.framework */,
				64AED9C4195135F200C8E651 /* FacebookConnection.framework */,
				64AED9C5195135F200C8E651 /* FlickrConnection.framework */,
				64AED9C6195135F200C8E651 /* GooglePlusConnection.framework */,
				64AED9C7195135F200C8E651 /* InstagramConnection.framework */,
				64AED9C8195135F200C8E651 /* InstapaperConnection.framework */,
				64AED9C9195135F200C8E651 /* InstapaperResource.bundle */,
				64AED9CA195135F200C8E651 /* KaiXinConnection.framework */,
				64AED9CB195135F200C8E651 /* LinkedInConnection.framework */,
				64AED9CC195135F200C8E651 /* MailConnection.framework */,
				64AED9CD195135F200C8E651 /* PinterestConnection.framework */,
				64AED9CE195135F200C8E651 /* PocketConnection.framework */,
				64AED9CF195135F200C8E651 /* PrintConnection.framework */,
				64AED9D0195135F200C8E651 /* QQConnection.framework */,
				64AED9D1195135F200C8E651 /* QZoneConnection.framework */,
				64AED9D2195135F200C8E651 /* RenRenConnection.framework */,
				64AED9D3195135F200C8E651 /* SinaWeiboConnection.framework */,
				64AED9D4195135F200C8E651 /* SMSConnection.framework */,
				64AED9D5195135F200C8E651 /* SohuConnection.framework */,
				64AED9D6195135F200C8E651 /* SohuWeiboConnection.framework */,
				64AED9D7195135F200C8E651 /* T163WeiboConnection.framework */,
				64AED9D8195135F200C8E651 /* TencentWeiboConnection.framework */,
				64AED9D9195135F200C8E651 /* TumblrConnection.framework */,
				64AED9DA195135F200C8E651 /* TwitterConnection.framework */,
				64AED9DB195135F200C8E651 /* VKontakteConnection.framework */,
				64AED9DC195135F200C8E651 /* WeChatConnection.framework */,
				64AED9DD195135F200C8E651 /* YiXinConnection.framework */,
				64AED9DE195135F200C8E651 /* YouDaoNoteConnection.framework */,
			);
			path = Connection;
			sourceTree = "<group>";
		};
		64AED9DF195135F200C8E651 /* Core */ = {
			isa = PBXGroup;
			children = (
				64AED9E0195135F200C8E651 /* AGCommon.framework */,
				64AED9E1195135F200C8E651 /* ShareSDKLocalizable.strings */,
				64AED9E3195135F200C8E651 /* Resource.bundle */,
				64AED9E4195135F200C8E651 /* ShareSDKCoreService.framework */,
			);
			path = Core;
			sourceTree = "<group>";
		};
		64AED9E6195135F200C8E651 /* Extend */ = {
			isa = PBXGroup;
			children = (
				64AED9E7195135F200C8E651 /* GooglePlusSDK */,
				64AED9EB195135F200C8E651 /* Pinterest.embeddedframework */,
				64AED9EF195135F200C8E651 /* QQConnectSDK */,
				64AED9F2195135F200C8E651 /* RenRenSDK */,
				64AED9F5195135F200C8E651 /* SinaWeiboSDK */,
				64AED9F9195135F200C8E651 /* TencentWeiboSDK */,
				64AED9FC195135F200C8E651 /* WeChatSDK */,
				64AEDA00195135F200C8E651 /* YiXinSDK */,
			);
			path = Extend;
			sourceTree = "<group>";
		};
		64AED9E7195135F200C8E651 /* GooglePlusSDK */ = {
			isa = PBXGroup;
			children = (
				64AED9E8195135F200C8E651 /* GoogleOpenSource.framework */,
				64AED9E9195135F200C8E651 /* GooglePlus.bundle */,
				64AED9EA195135F200C8E651 /* GooglePlus.framework */,
			);
			path = GooglePlusSDK;
			sourceTree = "<group>";
		};
		64AED9EB195135F200C8E651 /* Pinterest.embeddedframework */ = {
			isa = PBXGroup;
			children = (
				64AED9EC195135F200C8E651 /* Pinterest.framework */,
				64AED9ED195135F200C8E651 /* Resources */,
			);
			path = Pinterest.embeddedframework;
			sourceTree = "<group>";
		};
		64AED9ED195135F200C8E651 /* Resources */ = {
			isa = PBXGroup;
			children = (
				64AED9EE195135F200C8E651 /* PinterestSDKResources.bundle */,
			);
			path = Resources;
			sourceTree = "<group>";
		};
		64AED9EF195135F200C8E651 /* QQConnectSDK */ = {
			isa = PBXGroup;
			children = (
				64AED9F0195135F200C8E651 /* TencentOpenAPI.framework */,
				64AED9F1195135F200C8E651 /* TencentOpenApi_IOS_Bundle.bundle */,
			);
			path = QQConnectSDK;
			sourceTree = "<group>";
		};
		64AED9F2195135F200C8E651 /* RenRenSDK */ = {
			isa = PBXGroup;
			children = (
				64AED9F3195135F200C8E651 /* RennSDK.bundle */,
				64AED9F4195135F200C8E651 /* RennSDK.framework */,
			);
			path = RenRenSDK;
			sourceTree = "<group>";
		};
		64AED9F5195135F200C8E651 /* SinaWeiboSDK */ = {
			isa = PBXGroup;
			children = (
				64AED9F6195135F200C8E651 /* libSinaWeiboSDK.a */,
				64AED9F7195135F200C8E651 /* WeiboSDK.bundle */,
				64AED9F8195135F200C8E651 /* WeiboSDK.h */,
			);
			path = SinaWeiboSDK;
			sourceTree = "<group>";
		};
		64AED9F9195135F200C8E651 /* TencentWeiboSDK */ = {
			isa = PBXGroup;
			children = (
				64AED9FA195135F200C8E651 /* libTCWeiboSDK.a */,
				64AED9FB195135F200C8E651 /* WeiboApi.h */,
			);
			path = TencentWeiboSDK;
			sourceTree = "<group>";
		};
		64AED9FC195135F200C8E651 /* WeChatSDK */ = {
			isa = PBXGroup;
			children = (
				64AED9FD195135F200C8E651 /* libWeChatSDK.a */,
				64AED9FE195135F200C8E651 /* WXApi.h */,
				64AED9FF195135F200C8E651 /* WXApiObject.h */,
			);
			path = WeChatSDK;
			sourceTree = "<group>";
		};
		64AEDA00195135F200C8E651 /* YiXinSDK */ = {
			isa = PBXGroup;
			children = (
				64AEDA01195135F200C8E651 /* libYixinSDK.a */,
				64AEDA02195135F200C8E651 /* YXApi.h */,
				64AEDA03195135F200C8E651 /* YXApiObject.h */,
			);
			path = YiXinSDK;
			sourceTree = "<group>";
		};
		64AEDA05195135F200C8E651 /* UI */ = {
			isa = PBXGroup;
			children = (
				64AEDA06195135F200C8E651 /* ShareSDKFlatShareViewUI.bundle */,
				64AEDA07195135F200C8E651 /* ShareSDKFlatShareViewUI.framework */,
				64AEDA08195135F200C8E651 /* ShareSDKiPadDefaultShareViewUI.bundle */,
				64AEDA09195135F200C8E651 /* ShareSDKiPadDefaultShareViewUI.framework */,
				64AEDA0A195135F200C8E651 /* ShareSDKiPadSimpleShareViewUI.bundle */,
				64AEDA0B195135F200C8E651 /* ShareSDKiPadSimpleShareViewUI.framework */,
				64AEDA0C195135F200C8E651 /* ShareSDKiPhoneAppRecommendShareViewUI.framework */,
				64AEDA0D195135F200C8E651 /* ShareSDKiPhoneDefaultShareViewUI.bundle */,
				64AEDA0E195135F200C8E651 /* ShareSDKiPhoneDefaultShareViewUI.framework */,
				64AEDA0F195135F200C8E651 /* ShareSDKiPhoneSimpleShareViewUI.bundle */,
				64AEDA10195135F200C8E651 /* ShareSDKiPhoneSimpleShareViewUI.framework */,
				64AEDA11195135F200C8E651 /* ShareSDKShareActionSheet.framework */,
			);
			path = UI;
			sourceTree = "<group>";
		};
		64AF25EF1949A170009572E5 /* myclass */ = {
			isa = PBXGroup;
			children = (
				64AF25F01949A182009572E5 /* DataParseTool.h */,
				64AF25F11949A182009572E5 /* DataParseTool.m */,
				64AF25F21949A182009572E5 /* EoceneServerConnect.h */,
				64AF25F31949A182009572E5 /* EoceneServerConnect.m */,
				64AF25F41949A182009572E5 /* MySingleton.h */,
				64AF25F51949A182009572E5 /* MySingleton.m */,
				64AF25F61949A182009572E5 /* Regex.h */,
				64AF25F71949A182009572E5 /* Regex.m */,
				64AF25F81949A182009572E5 /* ServerConnect.h */,
				64AF25F91949A182009572E5 /* ServerConnect.m */,
				64AF25FA1949A182009572E5 /* WQPlaySound.h */,
				64AF25FB1949A182009572E5 /* WQPlaySound.m */,
				64AF25FC1949A182009572E5 /* XmlTool.h */,
				64AF25FD1949A182009572E5 /* XmlTool.m */,
			);
			name = myclass;
			sourceTree = "<group>";
		};
/* End PBXGroup section */

/* Begin PBXNativeTarget section */
		645132891945A2B3002A0B1B /* Market */ = {
			isa = PBXNativeTarget;
			buildConfigurationList = 645132BC1945A2B4002A0B1B /* Build configuration list for PBXNativeTarget "Market" */;
			buildPhases = (
				645132861945A2B3002A0B1B /* Sources */,
				645132871945A2B3002A0B1B /* Frameworks */,
				645132881945A2B3002A0B1B /* Resources */,
			);
			buildRules = (
			);
			dependencies = (
			);
			name = Market;
			productName = Market;
			productReference = 6451328A1945A2B3002A0B1B /* Market.app */;
			productType = "com.apple.product-type.application";
		};
		645132AA1945A2B4002A0B1B /* MarketTests */ = {
			isa = PBXNativeTarget;
			buildConfigurationList = 645132BF1945A2B4002A0B1B /* Build configuration list for PBXNativeTarget "MarketTests" */;
			buildPhases = (
				645132A71945A2B4002A0B1B /* Sources */,
				645132A81945A2B4002A0B1B /* Frameworks */,
				645132A91945A2B4002A0B1B /* Resources */,
			);
			buildRules = (
			);
			dependencies = (
				645132B11945A2B4002A0B1B /* PBXTargetDependency */,
			);
			name = MarketTests;
			productName = MarketTests;
			productReference = 645132AB1945A2B4002A0B1B /* MarketTests.xctest */;
			productType = "com.apple.product-type.bundle.unit-test";
		};
/* End PBXNativeTarget section */

/* Begin PBXProject section */
		645132821945A2B3002A0B1B /* Project object */ = {
			isa = PBXProject;
			attributes = {
				LastUpgradeCheck = 0510;
				ORGANIZATIONNAME = "夏 伟";
				TargetAttributes = {
					645132AA1945A2B4002A0B1B = {
						TestTargetID = 645132891945A2B3002A0B1B;
					};
				};
			};
			buildConfigurationList = 645132851945A2B3002A0B1B /* Build configuration list for PBXProject "Market" */;
			compatibilityVersion = "Xcode 3.2";
			developmentRegion = English;
			hasScannedForEncodings = 0;
			knownRegions = (
				en,
				Base,
				"zh-Hans",
			);
			mainGroup = 645132811945A2B3002A0B1B;
			productRefGroup = 6451328B1945A2B3002A0B1B /* Products */;
			projectDirPath = "";
			projectRoot = "";
			targets = (
				645132891945A2B3002A0B1B /* Market */,
				645132AA1945A2B4002A0B1B /* MarketTests */,
			);
		};
/* End PBXProject section */

/* Begin PBXResourcesBuildPhase section */
		645132881945A2B3002A0B1B /* Resources */ = {
			isa = PBXResourcesBuildPhase;
			buildActionMask = 2147483647;
			files = (
				645132A61945A2B3002A0B1B /* Images.xcassets in Resources */,
				648270F4195286FF005B057C /* RegistEmailViewControllerTM_4Inch.xib in Resources */,
				64CFFD4D195426F900618433 /* GoodsDetailedTableViewCell.xib in Resources */,
				648270EC195284DF005B057C /* LoginViewControllerTM.xib in Resources */,
				645132981945A2B3002A0B1B /* InfoPlist.strings in Resources */,
				64AEDA39195135F300C8E651 /* PinterestSDKResources.bundle in Resources */,
				648270F6195286FF005B057C /* RegistEmailViewControllerTM.xib in Resources */,
				64BB16141946A07400E5CE82 /* PostViewController.xib in Resources */,
				64B0769119581A5400AE9887 /* CheckCodeViewController.xib in Resources */,
				648270EA195284DF005B057C /* LoginViewControllerTM_4Inch.xib in Resources */,
				64BB160519469F8D00E5CE82 /* LoginViewController.xib in Resources */,
				645132A11945A2B3002A0B1B /* Main.storyboard in Resources */,
				64BB16171946AEE400E5CE82 /* Localizable.strings in Resources */,
				648270FB19528888005B057C /* ChangPasswordViewController.xib in Resources */,
				64AEDA36195135F300C8E651 /* GooglePlus.bundle in Resources */,
				64AEDA4D195135F300C8E651 /* ShareSDKiPhoneSimpleShareViewUI.bundle in Resources */,
				64AEDA44195135F300C8E651 /* ShareSDKFlatShareViewUI.bundle in Resources */,
				64AEDA32195135F300C8E651 /* ShareSDKLocalizable.strings in Resources */,
				64B29C751948217600AC5FAB /* AppsViewController.xib in Resources */,
				645132CA1945A9B4002A0B1B /* MainViewController_4Inch.xib in Resources */,
				64BB160F1946A01800E5CE82 /* UserViewController.xib in Resources */,
				645132C61945A6DE002A0B1B /* MainViewController.xib in Resources */,
				64AEDA1B195135F200C8E651 /* InstapaperResource.bundle in Resources */,
				64AEDA46195135F300C8E651 /* ShareSDKiPadDefaultShareViewUI.bundle in Resources */,
				64AEDA3C195135F300C8E651 /* RennSDK.bundle in Resources */,
				64588CD7194EFBEC008C9561 /* ProductInfoViewController.xib in Resources */,
				64AEDA48195135F300C8E651 /* ShareSDKiPadSimpleShareViewUI.bundle in Resources */,
				64588CD0194EDE24008C9561 /* SVProgressHUD.bundle in Resources */,
				64AEDA4B195135F300C8E651 /* ShareSDKiPhoneDefaultShareViewUI.bundle in Resources */,
				64BB160A1946A00100E5CE82 /* SearchViewController.xib in Resources */,
				64B29C7A1948223500AC5FAB /* GoodsViewController.xib in Resources */,
				64B07698195827C000AE9887 /* MyAttentionViewController.xib in Resources */,
				64AEDA3B195135F300C8E651 /* TencentOpenApi_IOS_Bundle.bundle in Resources */,
				64AEDA33195135F300C8E651 /* Resource.bundle in Resources */,
				64B0769319581A5400AE9887 /* NewPasswordViewController.xib in Resources */,
				64AF2609194AEFD7009572E5 /* GoodsTableViewCell.xib in Resources */,
				64AF25EE194991FE009572E5 /* AppsTableViewCell.xib in Resources */,
				64AEDA3F195135F300C8E651 /* WeiboSDK.bundle in Resources */,
			);
			runOnlyForDeploymentPostprocessing = 0;
		};
		645132A91945A2B4002A0B1B /* Resources */ = {
			isa = PBXResourcesBuildPhase;
			buildActionMask = 2147483647;
			files = (
				645132B71945A2B4002A0B1B /* InfoPlist.strings in Resources */,
			);
			runOnlyForDeploymentPostprocessing = 0;
		};
/* End PBXResourcesBuildPhase section */

/* Begin PBXSourcesBuildPhase section */
		645132861945A2B3002A0B1B /* Sources */ = {
			isa = PBXSourcesBuildPhase;
			buildActionMask = 2147483647;
			files = (
				64AF26031949A182009572E5 /* WQPlaySound.m in Sources */,
				64AF2608194AEFD7009572E5 /* GoodsTableViewCell.m in Sources */,
				64BB160E1946A01800E5CE82 /* UserViewController.m in Sources */,
				64B0769219581A5400AE9887 /* NewPasswordViewController.m in Sources */,
				648270FA19528888005B057C /* ChangPasswordViewController.m in Sources */,
				645132A41945A2B3002A0B1B /* ViewController.m in Sources */,
				64B29C741948217600AC5FAB /* AppsViewController.m in Sources */,
				64AF26011949A182009572E5 /* Regex.m in Sources */,
				64AF25ED194991FE009572E5 /* AppsTableViewCell.m in Sources */,
				648270F5195286FF005B057C /* RegistEmailViewControllerTM.m in Sources */,
				64B29C791948223500AC5FAB /* GoodsViewController.m in Sources */,
				64AF25FE1949A182009572E5 /* DataParseTool.m in Sources */,
				64588CD6194EFBEC008C9561 /* ProductInfoViewController.m in Sources */,
				64B07697195827C000AE9887 /* MyAttentionViewController.m in Sources */,
				6451329E1945A2B3002A0B1B /* AppDelegate.m in Sources */,
				648270EB195284DF005B057C /* LoginViewControllerTM.m in Sources */,
				64B0769019581A5400AE9887 /* CheckCodeViewController.m in Sources */,
				64AF26041949A182009572E5 /* XmlTool.m in Sources */,
				64AF26001949A182009572E5 /* MySingleton.m in Sources */,
				64AF25FF1949A182009572E5 /* EoceneServerConnect.m in Sources */,
				6451329A1945A2B3002A0B1B /* main.m in Sources */,
				64AF26021949A182009572E5 /* ServerConnect.m in Sources */,
				64BB16131946A07400E5CE82 /* PostViewController.m in Sources */,
				645132C51945A6DE002A0B1B /* MainViewController.m in Sources */,
				64588CD1194EDE24008C9561 /* SVProgressHUD.m in Sources */,
				64CFFD4C195426F900618433 /* GoodsDetailedTableViewCell.m in Sources */,
				64BB16091946A00100E5CE82 /* SearchViewController.m in Sources */,
				64BB160419469F8D00E5CE82 /* LoginViewController.m in Sources */,
			);
			runOnlyForDeploymentPostprocessing = 0;
		};
		645132A71945A2B4002A0B1B /* Sources */ = {
			isa = PBXSourcesBuildPhase;
			buildActionMask = 2147483647;
			files = (
				645132B91945A2B4002A0B1B /* MarketTests.m in Sources */,
			);
			runOnlyForDeploymentPostprocessing = 0;
		};
/* End PBXSourcesBuildPhase section */

/* Begin PBXTargetDependency section */
		645132B11945A2B4002A0B1B /* PBXTargetDependency */ = {
			isa = PBXTargetDependency;
			target = 645132891945A2B3002A0B1B /* Market */;
			targetProxy = 645132B01945A2B4002A0B1B /* PBXContainerItemProxy */;
		};
/* End PBXTargetDependency section */

/* Begin PBXVariantGroup section */
		645132961945A2B3002A0B1B /* InfoPlist.strings */ = {
			isa = PBXVariantGroup;
			children = (
				645132971945A2B3002A0B1B /* en */,
				64B29C701948097300AC5FAB /* zh-Hans */,
			);
			name = InfoPlist.strings;
			sourceTree = "<group>";
		};
		6451329F1945A2B3002A0B1B /* Main.storyboard */ = {
			isa = PBXVariantGroup;
			children = (
				645132A01945A2B3002A0B1B /* Base */,
			);
			name = Main.storyboard;
			sourceTree = "<group>";
		};
		645132B51945A2B4002A0B1B /* InfoPlist.strings */ = {
			isa = PBXVariantGroup;
			children = (
				645132B61945A2B4002A0B1B /* en */,
			);
			name = InfoPlist.strings;
			sourceTree = "<group>";
		};
		64AED9E1195135F200C8E651 /* ShareSDKLocalizable.strings */ = {
			isa = PBXVariantGroup;
			children = (
				64AED9E2195135F200C8E651 /* en */,
				64AED9E5195135F200C8E651 /* zh-Hans */,
			);
			name = ShareSDKLocalizable.strings;
			sourceTree = "<group>";
		};
		64BB16191946AEE400E5CE82 /* Localizable.strings */ = {
			isa = PBXVariantGroup;
			children = (
				64BB161A1946AEED00E5CE82 /* en */,
				64BB161B1946AF2D00E5CE82 /* zh-Hans */,
			);
			name = Localizable.strings;
			sourceTree = "<group>";
		};
/* End PBXVariantGroup section */

/* Begin XCBuildConfiguration section */
		645132BA1945A2B4002A0B1B /* Debug */ = {
			isa = XCBuildConfiguration;
			buildSettings = {
				ALWAYS_SEARCH_USER_PATHS = NO;
				CLANG_CXX_LANGUAGE_STANDARD = "gnu++0x";
				CLANG_CXX_LIBRARY = "libc++";
				CLANG_ENABLE_MODULES = YES;
				CLANG_ENABLE_OBJC_ARC = YES;
				CLANG_WARN_BOOL_CONVERSION = YES;
				CLANG_WARN_CONSTANT_CONVERSION = YES;
				CLANG_WARN_DIRECT_OBJC_ISA_USAGE = YES_ERROR;
				CLANG_WARN_EMPTY_BODY = YES;
				CLANG_WARN_ENUM_CONVERSION = YES;
				CLANG_WARN_INT_CONVERSION = YES;
				CLANG_WARN_OBJC_ROOT_CLASS = YES_ERROR;
				CLANG_WARN__DUPLICATE_METHOD_MATCH = YES;
				"CODE_SIGN_IDENTITY[sdk=iphoneos*]" = "iPhone Developer";
				COPY_PHASE_STRIP = NO;
				GCC_C_LANGUAGE_STANDARD = gnu99;
				GCC_DYNAMIC_NO_PIC = NO;
				GCC_OPTIMIZATION_LEVEL = 0;
				GCC_PREPROCESSOR_DEFINITIONS = (
					"DEBUG=1",
					"$(inherited)",
				);
				GCC_SYMBOLS_PRIVATE_EXTERN = NO;
				GCC_WARN_64_TO_32_BIT_CONVERSION = YES;
				GCC_WARN_ABOUT_RETURN_TYPE = YES_ERROR;
				GCC_WARN_UNDECLARED_SELECTOR = YES;
				GCC_WARN_UNINITIALIZED_AUTOS = YES_AGGRESSIVE;
				GCC_WARN_UNUSED_FUNCTION = YES;
				GCC_WARN_UNUSED_VARIABLE = YES;
				IPHONEOS_DEPLOYMENT_TARGET = 6.0;
				ONLY_ACTIVE_ARCH = NO;
				SDKROOT = iphoneos;
			};
			name = Debug;
		};
		645132BB1945A2B4002A0B1B /* Release */ = {
			isa = XCBuildConfiguration;
			buildSettings = {
				ALWAYS_SEARCH_USER_PATHS = NO;
				CLANG_CXX_LANGUAGE_STANDARD = "gnu++0x";
				CLANG_CXX_LIBRARY = "libc++";
				CLANG_ENABLE_MODULES = YES;
				CLANG_ENABLE_OBJC_ARC = YES;
				CLANG_WARN_BOOL_CONVERSION = YES;
				CLANG_WARN_CONSTANT_CONVERSION = YES;
				CLANG_WARN_DIRECT_OBJC_ISA_USAGE = YES_ERROR;
				CLANG_WARN_EMPTY_BODY = YES;
				CLANG_WARN_ENUM_CONVERSION = YES;
				CLANG_WARN_INT_CONVERSION = YES;
				CLANG_WARN_OBJC_ROOT_CLASS = YES_ERROR;
				CLANG_WARN__DUPLICATE_METHOD_MATCH = YES;
				"CODE_SIGN_IDENTITY[sdk=iphoneos*]" = "iPhone Developer";
				COPY_PHASE_STRIP = YES;
				ENABLE_NS_ASSERTIONS = NO;
				GCC_C_LANGUAGE_STANDARD = gnu99;
				GCC_WARN_64_TO_32_BIT_CONVERSION = YES;
				GCC_WARN_ABOUT_RETURN_TYPE = YES_ERROR;
				GCC_WARN_UNDECLARED_SELECTOR = YES;
				GCC_WARN_UNINITIALIZED_AUTOS = YES_AGGRESSIVE;
				GCC_WARN_UNUSED_FUNCTION = YES;
				GCC_WARN_UNUSED_VARIABLE = YES;
				IPHONEOS_DEPLOYMENT_TARGET = 6.0;
				ONLY_ACTIVE_ARCH = NO;
				SDKROOT = iphoneos;
				VALIDATE_PRODUCT = YES;
			};
			name = Release;
		};
		645132BD1945A2B4002A0B1B /* Debug */ = {
			isa = XCBuildConfiguration;
			buildSettings = {
				ARCHS = "$(ARCHS_STANDARD)";
				ASSETCATALOG_COMPILER_APPICON_NAME = AppIcon;
				ASSETCATALOG_COMPILER_LAUNCHIMAGE_NAME = LaunchImage;
				FRAMEWORK_SEARCH_PATHS = (
					"$(inherited)",
					"$(PROJECT_DIR)/ShareSDK/Connection",
					"$(PROJECT_DIR)/ShareSDK/Core",
					"$(PROJECT_DIR)/ShareSDK/Extend/GooglePlusSDK",
					"$(PROJECT_DIR)/ShareSDK/Extend/Pinterest.embeddedframework",
					"$(PROJECT_DIR)/ShareSDK/Extend/QQConnectSDK",
					"$(PROJECT_DIR)/ShareSDK/Extend/RenRenSDK",
					"$(PROJECT_DIR)/ShareSDK",
					"$(PROJECT_DIR)/ShareSDK/UI",
				);
				GCC_PRECOMPILE_PREFIX_HEADER = YES;
				GCC_PREFIX_HEADER = "Market/Market-Prefix.pch";
				INFOPLIST_FILE = "Market/Market-Info.plist";
				IPHONEOS_DEPLOYMENT_TARGET = 6.0;
				LIBRARY_SEARCH_PATHS = (
					"$(inherited)",
					"$(PROJECT_DIR)/Market/baidu_mtj_api/Release-iphoneos",
					"$(PROJECT_DIR)/Market/baidu_mtj_api/Release-iphonesimulator",
					"$(PROJECT_DIR)/Market/baidu_mtj_api/universal-bin",
					"$(PROJECT_DIR)/ShareSDK/Extend/SinaWeiboSDK",
					"$(PROJECT_DIR)/ShareSDK/Extend/TencentWeiboSDK",
					"$(PROJECT_DIR)/ShareSDK/Extend/WeChatSDK",
					"$(PROJECT_DIR)/ShareSDK/Extend/YiXinSDK",
				);
				ONLY_ACTIVE_ARCH = NO;
				PRODUCT_NAME = "$(TARGET_NAME)";
				VALID_ARCHS = "armv7 armv7s";
				WRAPPER_EXTENSION = app;
			};
			name = Debug;
		};
		645132BE1945A2B4002A0B1B /* Release */ = {
			isa = XCBuildConfiguration;
			buildSettings = {
				ARCHS = "$(ARCHS_STANDARD)";
				ASSETCATALOG_COMPILER_APPICON_NAME = AppIcon;
				ASSETCATALOG_COMPILER_LAUNCHIMAGE_NAME = LaunchImage;
				FRAMEWORK_SEARCH_PATHS = (
					"$(inherited)",
					"$(PROJECT_DIR)/ShareSDK/Connection",
					"$(PROJECT_DIR)/ShareSDK/Core",
					"$(PROJECT_DIR)/ShareSDK/Extend/GooglePlusSDK",
					"$(PROJECT_DIR)/ShareSDK/Extend/Pinterest.embeddedframework",
					"$(PROJECT_DIR)/ShareSDK/Extend/QQConnectSDK",
					"$(PROJECT_DIR)/ShareSDK/Extend/RenRenSDK",
					"$(PROJECT_DIR)/ShareSDK",
					"$(PROJECT_DIR)/ShareSDK/UI",
				);
				GCC_PRECOMPILE_PREFIX_HEADER = YES;
				GCC_PREFIX_HEADER = "Market/Market-Prefix.pch";
				INFOPLIST_FILE = "Market/Market-Info.plist";
				IPHONEOS_DEPLOYMENT_TARGET = 6.0;
				LIBRARY_SEARCH_PATHS = (
					"$(inherited)",
					"$(PROJECT_DIR)/Market/baidu_mtj_api/Release-iphoneos",
					"$(PROJECT_DIR)/Market/baidu_mtj_api/Release-iphonesimulator",
					"$(PROJECT_DIR)/Market/baidu_mtj_api/universal-bin",
					"$(PROJECT_DIR)/ShareSDK/Extend/SinaWeiboSDK",
					"$(PROJECT_DIR)/ShareSDK/Extend/TencentWeiboSDK",
					"$(PROJECT_DIR)/ShareSDK/Extend/WeChatSDK",
					"$(PROJECT_DIR)/ShareSDK/Extend/YiXinSDK",
				);
				ONLY_ACTIVE_ARCH = NO;
				PRODUCT_NAME = "$(TARGET_NAME)";
				VALID_ARCHS = "armv7 armv7s";
				WRAPPER_EXTENSION = app;
			};
			name = Release;
		};
		645132C01945A2B4002A0B1B /* Debug */ = {
			isa = XCBuildConfiguration;
			buildSettings = {
				BUNDLE_LOADER = "$(BUILT_PRODUCTS_DIR)/Market.app/Market";
				FRAMEWORK_SEARCH_PATHS = (
					"$(SDKROOT)/Developer/Library/Frameworks",
					"$(inherited)",
					"$(DEVELOPER_FRAMEWORKS_DIR)",
				);
				GCC_PRECOMPILE_PREFIX_HEADER = YES;
				GCC_PREFIX_HEADER = "Market/Market-Prefix.pch";
				GCC_PREPROCESSOR_DEFINITIONS = (
					"DEBUG=1",
					"$(inherited)",
				);
				INFOPLIST_FILE = "MarketTests/MarketTests-Info.plist";
				PRODUCT_NAME = "$(TARGET_NAME)";
				TEST_HOST = "$(BUNDLE_LOADER)";
				WRAPPER_EXTENSION = xctest;
			};
			name = Debug;
		};
		645132C11945A2B4002A0B1B /* Release */ = {
			isa = XCBuildConfiguration;
			buildSettings = {
				BUNDLE_LOADER = "$(BUILT_PRODUCTS_DIR)/Market.app/Market";
				FRAMEWORK_SEARCH_PATHS = (
					"$(SDKROOT)/Developer/Library/Frameworks",
					"$(inherited)",
					"$(DEVELOPER_FRAMEWORKS_DIR)",
				);
				GCC_PRECOMPILE_PREFIX_HEADER = YES;
				GCC_PREFIX_HEADER = "Market/Market-Prefix.pch";
				INFOPLIST_FILE = "MarketTests/MarketTests-Info.plist";
				PRODUCT_NAME = "$(TARGET_NAME)";
				TEST_HOST = "$(BUNDLE_LOADER)";
				WRAPPER_EXTENSION = xctest;
			};
			name = Release;
		};
/* End XCBuildConfiguration section */

/* Begin XCConfigurationList section */
		645132851945A2B3002A0B1B /* Build configuration list for PBXProject "Market" */ = {
			isa = XCConfigurationList;
			buildConfigurations = (
				645132BA1945A2B4002A0B1B /* Debug */,
				645132BB1945A2B4002A0B1B /* Release */,
			);
			defaultConfigurationIsVisible = 0;
			defaultConfigurationName = Release;
		};
		645132BC1945A2B4002A0B1B /* Build configuration list for PBXNativeTarget "Market" */ = {
			isa = XCConfigurationList;
			buildConfigurations = (
				645132BD1945A2B4002A0B1B /* Debug */,
				645132BE1945A2B4002A0B1B /* Release */,
			);
			defaultConfigurationIsVisible = 0;
			defaultConfigurationName = Release;
		};
		645132BF1945A2B4002A0B1B /* Build configuration list for PBXNativeTarget "MarketTests" */ = {
			isa = XCConfigurationList;
			buildConfigurations = (
				645132C01945A2B4002A0B1B /* Debug */,
				645132C11945A2B4002A0B1B /* Release */,
			);
			defaultConfigurationIsVisible = 0;
			defaultConfigurationName = Release;
		};
/* End XCConfigurationList section */
	};
	rootObject = 645132821945A2B3002A0B1B /* Project object */;
}
